// !$*UTF8*$!
{
	archiveVersion = 1;
	classes = {
	};
	objectVersion = 46;
	objects = {

/* Begin PBXBuildFile section */
		7A2A7AB11CA7914F005253B0 /* vid.plist in Resources */ = {isa = PBXBuildFile; fileRef = 7A2A7AB01CA7914F005253B0 /* vid.plist */; };
		7A2A7ABB1CA7C133005253B0 /* 123456dszdfz.plist in Resources */ = {isa = PBXBuildFile; fileRef = 7A2A7ABA1CA7C133005253B0 /* 123456dszdfz.plist */; };
		7A2BA5831C911DB700D9353C /* libWeChatSDK.a in Frameworks */ = {isa = PBXBuildFile; fileRef = 7A2BA57E1C911DB700D9353C /* libWeChatSDK.a */; };
		7A2BA5841C911DB700D9353C /* read_me.txt in Resources */ = {isa = PBXBuildFile; fileRef = 7A2BA57F1C911DB700D9353C /* read_me.txt */; };
		7A2BA5861C91210B00D9353C /* libz.tbd in Frameworks */ = {isa = PBXBuildFile; fileRef = 7A2BA5851C91210B00D9353C /* libz.tbd */; };
		7A2BA5881C9125B500D9353C /* libc++.tbd in Frameworks */ = {isa = PBXBuildFile; fileRef = 7A2BA5871C9125B500D9353C /* libc++.tbd */; };
		7A65D13C1C8A770D0016B8A3 /* GifView.m in Sources */ = {isa = PBXBuildFile; fileRef = 7A65D13B1C8A770D0016B8A3 /* GifView.m */; };
		7A65D13E1C8A7A9F0016B8A3 /* QuartzCore.framework in Frameworks */ = {isa = PBXBuildFile; fileRef = 7A65D13D1C8A7A9E0016B8A3 /* QuartzCore.framework */; };
		7A65D1401C8A7AA60016B8A3 /* MobileCoreServices.framework in Frameworks */ = {isa = PBXBuildFile; fileRef = 7A65D13F1C8A7AA60016B8A3 /* MobileCoreServices.framework */; };
		7A65D1421C8A7AB10016B8A3 /* ImageIO.framework in Frameworks */ = {isa = PBXBuildFile; fileRef = 7A65D1411C8A7AB10016B8A3 /* ImageIO.framework */; };
		7A65D1441C8A81D30016B8A3 /* Vedio.plist in Resources */ = {isa = PBXBuildFile; fileRef = 7A65D1431C8A81D30016B8A3 /* Vedio.plist */; };
		7A65D14A1C8A85630016B8A3 /* blueArrow.png in Resources */ = {isa = PBXBuildFile; fileRef = 7A65D1461C8A85630016B8A3 /* blueArrow.png */; };
		7A65D14B1C8A85630016B8A3 /* blueArrowDown.png in Resources */ = {isa = PBXBuildFile; fileRef = 7A65D1471C8A85630016B8A3 /* blueArrowDown.png */; };
		7A65D14C1C8A85630016B8A3 /* PullingRefreshTableView.m in Sources */ = {isa = PBXBuildFile; fileRef = 7A65D1491C8A85630016B8A3 /* PullingRefreshTableView.m */; };
		7A65D14E1C8A86A00016B8A3 /* MediaPlayer.framework in Frameworks */ = {isa = PBXBuildFile; fileRef = 7A65D14D1C8A86A00016B8A3 /* MediaPlayer.framework */; };
		7A65D1501C8A86AB0016B8A3 /* MediaToolbox.framework in Frameworks */ = {isa = PBXBuildFile; fileRef = 7A65D14F1C8A86AB0016B8A3 /* MediaToolbox.framework */; };
		7A65D1521C8A86B30016B8A3 /* AVFoundation.framework in Frameworks */ = {isa = PBXBuildFile; fileRef = 7A65D1511C8A86B30016B8A3 /* AVFoundation.framework */; };
		7A65D1541C8A86BF0016B8A3 /* CoreMedia.framework in Frameworks */ = {isa = PBXBuildFile; fileRef = 7A65D1531C8A86BF0016B8A3 /* CoreMedia.framework */; };
		7A65D1571C8A87A80016B8A3 /* videoModel.m in Sources */ = {isa = PBXBuildFile; fileRef = 7A65D1561C8A87A80016B8A3 /* videoModel.m */; };
		7A65D1601C8A8F870016B8A3 /* VideoTableViewCell.m in Sources */ = {isa = PBXBuildFile; fileRef = 7A65D15E1C8A8F870016B8A3 /* VideoTableViewCell.m */; };
		7A65D1641C8AC9920016B8A3 /* HWTools.m in Sources */ = {isa = PBXBuildFile; fileRef = 7A65D1631C8AC9920016B8A3 /* HWTools.m */; };
		7A6723A31C8D1DC60041E638 /* QiuShiDetailViewController.m in Sources */ = {isa = PBXBuildFile; fileRef = 7A6723A21C8D1DC60041E638 /* QiuShiDetailViewController.m */; };
		7A6723A51C8D36170041E638 /* QiushiDeatil.plist in Resources */ = {isa = PBXBuildFile; fileRef = 7A6723A41C8D36170041E638 /* QiushiDeatil.plist */; };
		7A6723A81C8D504D0041E638 /* QiuShiDetailModell.m in Sources */ = {isa = PBXBuildFile; fileRef = 7A6723A71C8D504D0041E638 /* QiuShiDetailModell.m */; };
		7A6723AB1C8D50670041E638 /* QiuShiDetailTableViewCell.m in Sources */ = {isa = PBXBuildFile; fileRef = 7A6723AA1C8D50670041E638 /* QiuShiDetailTableViewCell.m */; };
		7A6723AD1C8D96230041E638 /* StoreKit.framework in Frameworks */ = {isa = PBXBuildFile; fileRef = 7A6723AC1C8D96230041E638 /* StoreKit.framework */; };
		7A6723B21C8DB64A0041E638 /* ProgressHUD.bundle in Resources */ = {isa = PBXBuildFile; fileRef = 7A6723AF1C8DB64A0041E638 /* ProgressHUD.bundle */; };
		7A6723B31C8DB64B0041E638 /* ProgressHUD.m in Sources */ = {isa = PBXBuildFile; fileRef = 7A6723B11C8DB64A0041E638 /* ProgressHUD.m */; };
		7A75DC0F1C890C4400BFBA10 /* SCNavTabBar.bundle in Resources */ = {isa = PBXBuildFile; fileRef = 7A75DC061C890C4400BFBA10 /* SCNavTabBar.bundle */; };
		7A75DC101C890C4400BFBA10 /* SCNavTabBarController.m in Sources */ = {isa = PBXBuildFile; fileRef = 7A75DC091C890C4400BFBA10 /* SCNavTabBarController.m */; };
		7A75DC111C890C4400BFBA10 /* SCNavTabBar.m in Sources */ = {isa = PBXBuildFile; fileRef = 7A75DC0C1C890C4400BFBA10 /* SCNavTabBar.m */; };
		7A75DC121C890C4400BFBA10 /* SCPopView.m in Sources */ = {isa = PBXBuildFile; fileRef = 7A75DC0E1C890C4400BFBA10 /* SCPopView.m */; };
		7A75DC151C8916D000BFBA10 /* jokerHumorViewController.m in Sources */ = {isa = PBXBuildFile; fileRef = 7A75DC141C8916D000BFBA10 /* jokerHumorViewController.m */; };
		7A75DC1A1C891C8E00BFBA10 /* KverHot.plist in Resources */ = {isa = PBXBuildFile; fileRef = 7A75DC191C891C8E00BFBA10 /* KverHot.plist */; };
		7A75DC1D1C89200300BFBA10 /* VertHotTableViewCell.m in Sources */ = {isa = PBXBuildFile; fileRef = 7A75DC1C1C89200300BFBA10 /* VertHotTableViewCell.m */; };
		7A75DC201C892AEA00BFBA10 /* verHotModel.m in Sources */ = {isa = PBXBuildFile; fileRef = 7A75DC1F1C892AEA00BFBA10 /* verHotModel.m */; };
		7A7A920D1C89749200F9F0E9 /* verHotDetailTableViewController.m in Sources */ = {isa = PBXBuildFile; fileRef = 7A7A920C1C89749200F9F0E9 /* verHotDetailTableViewController.m */; };
		7A821D161C8F9F35003D1EF1 /* Bmob_iOS_SDK更新历史.txt in Resources */ = {isa = PBXBuildFile; fileRef = 7A821D141C8F9F35003D1EF1 /* Bmob_iOS_SDK更新历史.txt */; };
		7A821D171C8F9F35003D1EF1 /* BmobSDK.framework in Frameworks */ = {isa = PBXBuildFile; fileRef = 7A821D151C8F9F35003D1EF1 /* BmobSDK.framework */; };
		7A821DDB1C8FC018003D1EF1 /* libWeiboSDK.a in Frameworks */ = {isa = PBXBuildFile; fileRef = 7A821DCF1C8FC018003D1EF1 /* libWeiboSDK.a */; };
		7A821DDC1C8FC018003D1EF1 /* WeiboSDK.bundle in Resources */ = {isa = PBXBuildFile; fileRef = 7A821DD81C8FC018003D1EF1 /* WeiboSDK.bundle */; };
		7A821DE61C8FC655003D1EF1 /* ShareView.m in Sources */ = {isa = PBXBuildFile; fileRef = 7A821DE51C8FC655003D1EF1 /* ShareView.m */; };
		7A821DE91C90143E003D1EF1 /* libsqlite3.0.tbd in Frameworks */ = {isa = PBXBuildFile; fileRef = 7A821DE81C90143E003D1EF1 /* libsqlite3.0.tbd */; };
		7A821DEC1C9015F5003D1EF1 /* DataBaseManger.m in Sources */ = {isa = PBXBuildFile; fileRef = 7A821DEB1C9015F5003D1EF1 /* DataBaseManger.m */; };
		7A821DEF1C906107003D1EF1 /* UIViewController+Common.m in Sources */ = {isa = PBXBuildFile; fileRef = 7A821DEE1C906107003D1EF1 /* UIViewController+Common.m */; };
		7AA22FD51C8BF01E005D2646 /* qiushi.plist in Resources */ = {isa = PBXBuildFile; fileRef = 7AA22FD41C8BF01E005D2646 /* qiushi.plist */; };
		7AA22FD81C8BF34C005D2646 /* qiushiModel.m in Sources */ = {isa = PBXBuildFile; fileRef = 7AA22FD71C8BF34C005D2646 /* qiushiModel.m */; };
		7AA22FDB1C8BF3BF005D2646 /* QiuShiTableViewCell.m in Sources */ = {isa = PBXBuildFile; fileRef = 7AA22FDA1C8BF3BF005D2646 /* QiuShiTableViewCell.m */; };
		7AA22FE81C8C61B4005D2646 /* joker.plist in Resources */ = {isa = PBXBuildFile; fileRef = 7AA22FE71C8C61B4005D2646 /* joker.plist */; };
		7AA22FEB1C8C635A005D2646 /* jokerModel.m in Sources */ = {isa = PBXBuildFile; fileRef = 7AA22FEA1C8C635A005D2646 /* jokerModel.m */; };
		7AA6F7BD1C88287200C7DE19 /* main.m in Sources */ = {isa = PBXBuildFile; fileRef = 7AA6F7BC1C88287200C7DE19 /* main.m */; };
		7AA6F7C01C88287200C7DE19 /* AppDelegate.m in Sources */ = {isa = PBXBuildFile; fileRef = 7AA6F7BF1C88287200C7DE19 /* AppDelegate.m */; };
		7AA6F7C21C88287200C7DE19 /* Assets.xcassets in Resources */ = {isa = PBXBuildFile; fileRef = 7AA6F7C11C88287200C7DE19 /* Assets.xcassets */; };
		7AA6F7C51C88287200C7DE19 /* LaunchScreen.storyboard in Resources */ = {isa = PBXBuildFile; fileRef = 7AA6F7C31C88287200C7DE19 /* LaunchScreen.storyboard */; };
		7AA6F7D01C88287200C7DE19 /* BurstLaughTests.m in Sources */ = {isa = PBXBuildFile; fileRef = 7AA6F7CF1C88287200C7DE19 /* BurstLaughTests.m */; };
		7AA6F7DB1C88287200C7DE19 /* BurstLaughUITests.m in Sources */ = {isa = PBXBuildFile; fileRef = 7AA6F7DA1C88287200C7DE19 /* BurstLaughUITests.m */; };
		7AA6F8121C8829F700C7DE19 /* MineViewController.m in Sources */ = {isa = PBXBuildFile; fileRef = 7AA6F8091C8829F700C7DE19 /* MineViewController.m */; };
		7AA6F8181C882BFE00C7DE19 /* LaughtFairViewController.m in Sources */ = {isa = PBXBuildFile; fileRef = 7AA6F8171C882BFE00C7DE19 /* LaughtFairViewController.m */; };
		7AA6F81A1C8830BA00C7DE19 /* jokes.storyboard in Resources */ = {isa = PBXBuildFile; fileRef = 7AA6F8191C8830BA00C7DE19 /* jokes.storyboard */; };
		7AA6F81C1C88317000C7DE19 /* Laught.storyboard in Resources */ = {isa = PBXBuildFile; fileRef = 7AA6F81B1C88317000C7DE19 /* Laught.storyboard */; };
		7AA6F81E1C88319500C7DE19 /* Mine.storyboard in Resources */ = {isa = PBXBuildFile; fileRef = 7AA6F81D1C88319500C7DE19 /* Mine.storyboard */; };
		7AA6F8301C885C9800C7DE19 /* QiushiViewController.m in Sources */ = {isa = PBXBuildFile; fileRef = 7AA6F82F1C885C9800C7DE19 /* QiushiViewController.m */; };
		7AA6F8331C885CAA00C7DE19 /* VideoViewController.m in Sources */ = {isa = PBXBuildFile; fileRef = 7AA6F8321C885CAA00C7DE19 /* VideoViewController.m */; };
		7AA6F8361C88705600C7DE19 /* VerHotViewController.m in Sources */ = {isa = PBXBuildFile; fileRef = 7AA6F8351C88705600C7DE19 /* VerHotViewController.m */; };
		7AC80A9D1C8E52460010C18E /* CoreLocation.framework in Frameworks */ = {isa = PBXBuildFile; fileRef = 7AC80A9C1C8E52460010C18E /* CoreLocation.framework */; };
		7AC80A9F1C8E52500010C18E /* Security.framework in Frameworks */ = {isa = PBXBuildFile; fileRef = 7AC80A9E1C8E52500010C18E /* Security.framework */; };
		7AC80AA11C8E52580010C18E /* CoreGraphics.framework in Frameworks */ = {isa = PBXBuildFile; fileRef = 7AC80AA01C8E52580010C18E /* CoreGraphics.framework */; };
		7AC80AA31C8E527D0010C18E /* CFNetwork.framework in Frameworks */ = {isa = PBXBuildFile; fileRef = 7AC80AA21C8E527D0010C18E /* CFNetwork.framework */; };
		7AC80AA51C8E52870010C18E /* CoreTelephony.framework in Frameworks */ = {isa = PBXBuildFile; fileRef = 7AC80AA41C8E52870010C18E /* CoreTelephony.framework */; };
		7AC80AA71C8E52940010C18E /* SystemConfiguration.framework in Frameworks */ = {isa = PBXBuildFile; fileRef = 7AC80AA61C8E52940010C18E /* SystemConfiguration.framework */; };
		7AC80AA91C8E529E0010C18E /* libz.1.2.5.tbd in Frameworks */ = {isa = PBXBuildFile; fileRef = 7AC80AA81C8E529E0010C18E /* libz.1.2.5.tbd */; };
		7AC80AAB1C8E52C50010C18E /* libicucore.tbd in Frameworks */ = {isa = PBXBuildFile; fileRef = 7AC80AAA1C8E52C50010C18E /* libicucore.tbd */; };
		7AC80AAD1C8E52D10010C18E /* libsqlite3.tbd in Frameworks */ = {isa = PBXBuildFile; fileRef = 7AC80AAC1C8E52D10010C18E /* libsqlite3.tbd */; };
		7AC80AB71C8E708C0010C18E /* LoginViewController.m in Sources */ = {isa = PBXBuildFile; fileRef = 7AC80AB61C8E708C0010C18E /* LoginViewController.m */; };
		7AC80ABA1C8E709F0010C18E /* RegisterViewController.m in Sources */ = {isa = PBXBuildFile; fileRef = 7AC80AB91C8E709F0010C18E /* RegisterViewController.m */; };
		7AC80ABC1C8E80410010C18E /* Login.storyboard in Resources */ = {isa = PBXBuildFile; fileRef = 7AC80ABB1C8E80410010C18E /* Login.storyboard */; };
		7AC80AC21C8EA02F0010C18E /* LICENCE.txt in Resources */ = {isa = PBXBuildFile; fileRef = 7AC80ABE1C8EA02F0010C18E /* LICENCE.txt */; };
		7AC80AC31C8EA02F0010C18E /* Reachability.m in Sources */ = {isa = PBXBuildFile; fileRef = 7AC80AC01C8EA02F0010C18E /* Reachability.m */; };
		7AC80AC41C8EA02F0010C18E /* README.md in Sources */ = {isa = PBXBuildFile; fileRef = 7AC80AC11C8EA02F0010C18E /* README.md */; };
		7AC80AC61C8EA2570010C18E /* ZMYNetManager.m in Sources */ = {isa = PBXBuildFile; fileRef = 7AC80AC51C8EA2570010C18E /* ZMYNetManager.m */; };
		7AC80ACD1C8EBF700010C18E /* FindPaswordViewController.m in Sources */ = {isa = PBXBuildFile; fileRef = 7AC80ACC1C8EBF6F0010C18E /* FindPaswordViewController.m */; };
		7AC80AD01C8ECCFF0010C18E /* CollectionViewController.m in Sources */ = {isa = PBXBuildFile; fileRef = 7AC80ACF1C8ECCFF0010C18E /* CollectionViewController.m */; };
		F3837E0512CA2CBD94F564C9 /* libPods.a in Frameworks */ = {isa = PBXBuildFile; fileRef = 4B75084CA0B05FBFB1A98091 /* libPods.a */; };
/* End PBXBuildFile section */

/* Begin PBXContainerItemProxy section */
		7AA6F7CC1C88287200C7DE19 /* PBXContainerItemProxy */ = {
			isa = PBXContainerItemProxy;
			containerPortal = 7AA6F7B01C88287100C7DE19 /* Project object */;
			proxyType = 1;
			remoteGlobalIDString = 7AA6F7B71C88287100C7DE19;
			remoteInfo = BurstLaugh;
		};
		7AA6F7D71C88287200C7DE19 /* PBXContainerItemProxy */ = {
			isa = PBXContainerItemProxy;
			containerPortal = 7AA6F7B01C88287100C7DE19 /* Project object */;
			proxyType = 1;
			remoteGlobalIDString = 7AA6F7B71C88287100C7DE19;
			remoteInfo = BurstLaugh;
		};
/* End PBXContainerItemProxy section */

/* Begin PBXFileReference section */
		41767937985FA64A38DBD8DB /* Pods.debug.xcconfig */ = {isa = PBXFileReference; includeInIndex = 1; lastKnownFileType = text.xcconfig; name = Pods.debug.xcconfig; path = "Pods/Target Support Files/Pods/Pods.debug.xcconfig"; sourceTree = "<group>"; };
		4B75084CA0B05FBFB1A98091 /* libPods.a */ = {isa = PBXFileReference; explicitFileType = archive.ar; includeInIndex = 0; path = libPods.a; sourceTree = BUILT_PRODUCTS_DIR; };
		61B814C4AA5A0B28517C27FA /* Pods.release.xcconfig */ = {isa = PBXFileReference; includeInIndex = 1; lastKnownFileType = text.xcconfig; name = Pods.release.xcconfig; path = "Pods/Target Support Files/Pods/Pods.release.xcconfig"; sourceTree = "<group>"; };
		7A2A7AB01CA7914F005253B0 /* vid.plist */ = {isa = PBXFileReference; fileEncoding = 4; lastKnownFileType = text.plist.xml; path = vid.plist; sourceTree = "<group>"; };
		7A2A7ABA1CA7C133005253B0 /* 123456dszdfz.plist */ = {isa = PBXFileReference; fileEncoding = 4; lastKnownFileType = text.plist.xml; path = 123456dszdfz.plist; sourceTree = "<group>"; };
		7A2BA57E1C911DB700D9353C /* libWeChatSDK.a */ = {isa = PBXFileReference; lastKnownFileType = archive.ar; path = libWeChatSDK.a; sourceTree = "<group>"; };
		7A2BA57F1C911DB700D9353C /* read_me.txt */ = {isa = PBXFileReference; fileEncoding = 4; lastKnownFileType = text; path = read_me.txt; sourceTree = "<group>"; };
		7A2BA5801C911DB700D9353C /* WechatAuthSDK.h */ = {isa = PBXFileReference; fileEncoding = 4; lastKnownFileType = sourcecode.c.h; path = WechatAuthSDK.h; sourceTree = "<group>"; };
		7A2BA5811C911DB700D9353C /* WXApi.h */ = {isa = PBXFileReference; fileEncoding = 4; lastKnownFileType = sourcecode.c.h; path = WXApi.h; sourceTree = "<group>"; };
		7A2BA5821C911DB700D9353C /* WXApiObject.h */ = {isa = PBXFileReference; fileEncoding = 4; lastKnownFileType = sourcecode.c.h; path = WXApiObject.h; sourceTree = "<group>"; };
		7A2BA5851C91210B00D9353C /* libz.tbd */ = {isa = PBXFileReference; lastKnownFileType = "sourcecode.text-based-dylib-definition"; name = libz.tbd; path = usr/lib/libz.tbd; sourceTree = SDKROOT; };
		7A2BA5871C9125B500D9353C /* libc++.tbd */ = {isa = PBXFileReference; lastKnownFileType = "sourcecode.text-based-dylib-definition"; name = "libc++.tbd"; path = "usr/lib/libc++.tbd"; sourceTree = SDKROOT; };
		7A65D13A1C8A770D0016B8A3 /* GifView.h */ = {isa = PBXFileReference; fileEncoding = 4; lastKnownFileType = sourcecode.c.h; path = GifView.h; sourceTree = "<group>"; };
		7A65D13B1C8A770D0016B8A3 /* GifView.m */ = {isa = PBXFileReference; fileEncoding = 4; lastKnownFileType = sourcecode.c.objc; path = GifView.m; sourceTree = "<group>"; };
		7A65D13D1C8A7A9E0016B8A3 /* QuartzCore.framework */ = {isa = PBXFileReference; lastKnownFileType = wrapper.framework; name = QuartzCore.framework; path = System/Library/Frameworks/QuartzCore.framework; sourceTree = SDKROOT; };
		7A65D13F1C8A7AA60016B8A3 /* MobileCoreServices.framework */ = {isa = PBXFileReference; lastKnownFileType = wrapper.framework; name = MobileCoreServices.framework; path = System/Library/Frameworks/MobileCoreServices.framework; sourceTree = SDKROOT; };
		7A65D1411C8A7AB10016B8A3 /* ImageIO.framework */ = {isa = PBXFileReference; lastKnownFileType = wrapper.framework; name = ImageIO.framework; path = System/Library/Frameworks/ImageIO.framework; sourceTree = SDKROOT; };
		7A65D1431C8A81D30016B8A3 /* Vedio.plist */ = {isa = PBXFileReference; fileEncoding = 4; lastKnownFileType = text.plist.xml; path = Vedio.plist; sourceTree = "<group>"; };
		7A65D1461C8A85630016B8A3 /* blueArrow.png */ = {isa = PBXFileReference; lastKnownFileType = image.png; path = blueArrow.png; sourceTree = "<group>"; };
		7A65D1471C8A85630016B8A3 /* blueArrowDown.png */ = {isa = PBXFileReference; lastKnownFileType = image.png; path = blueArrowDown.png; sourceTree = "<group>"; };
		7A65D1481C8A85630016B8A3 /* PullingRefreshTableView.h */ = {isa = PBXFileReference; fileEncoding = 4; lastKnownFileType = sourcecode.c.h; path = PullingRefreshTableView.h; sourceTree = "<group>"; };
		7A65D1491C8A85630016B8A3 /* PullingRefreshTableView.m */ = {isa = PBXFileReference; fileEncoding = 4; lastKnownFileType = sourcecode.c.objc; path = PullingRefreshTableView.m; sourceTree = "<group>"; };
		7A65D14D1C8A86A00016B8A3 /* MediaPlayer.framework */ = {isa = PBXFileReference; lastKnownFileType = wrapper.framework; name = MediaPlayer.framework; path = System/Library/Frameworks/MediaPlayer.framework; sourceTree = SDKROOT; };
		7A65D14F1C8A86AB0016B8A3 /* MediaToolbox.framework */ = {isa = PBXFileReference; lastKnownFileType = wrapper.framework; name = MediaToolbox.framework; path = System/Library/Frameworks/MediaToolbox.framework; sourceTree = SDKROOT; };
		7A65D1511C8A86B30016B8A3 /* AVFoundation.framework */ = {isa = PBXFileReference; lastKnownFileType = wrapper.framework; name = AVFoundation.framework; path = System/Library/Frameworks/AVFoundation.framework; sourceTree = SDKROOT; };
		7A65D1531C8A86BF0016B8A3 /* CoreMedia.framework */ = {isa = PBXFileReference; lastKnownFileType = wrapper.framework; name = CoreMedia.framework; path = System/Library/Frameworks/CoreMedia.framework; sourceTree = SDKROOT; };
		7A65D1551C8A87A80016B8A3 /* videoModel.h */ = {isa = PBXFileReference; fileEncoding = 4; lastKnownFileType = sourcecode.c.h; path = videoModel.h; sourceTree = "<group>"; };
		7A65D1561C8A87A80016B8A3 /* videoModel.m */ = {isa = PBXFileReference; fileEncoding = 4; lastKnownFileType = sourcecode.c.objc; path = videoModel.m; sourceTree = "<group>"; };
		7A65D15D1C8A8F870016B8A3 /* VideoTableViewCell.h */ = {isa = PBXFileReference; fileEncoding = 4; lastKnownFileType = sourcecode.c.h; path = VideoTableViewCell.h; sourceTree = "<group>"; };
		7A65D15E1C8A8F870016B8A3 /* VideoTableViewCell.m */ = {isa = PBXFileReference; fileEncoding = 4; lastKnownFileType = sourcecode.c.objc; path = VideoTableViewCell.m; sourceTree = "<group>"; };
		7A65D1621C8AC9920016B8A3 /* HWTools.h */ = {isa = PBXFileReference; fileEncoding = 4; lastKnownFileType = sourcecode.c.h; path = HWTools.h; sourceTree = "<group>"; };
		7A65D1631C8AC9920016B8A3 /* HWTools.m */ = {isa = PBXFileReference; fileEncoding = 4; lastKnownFileType = sourcecode.c.objc; path = HWTools.m; sourceTree = "<group>"; };
		7A6723A11C8D1DC60041E638 /* QiuShiDetailViewController.h */ = {isa = PBXFileReference; fileEncoding = 4; lastKnownFileType = sourcecode.c.h; path = QiuShiDetailViewController.h; sourceTree = "<group>"; };
		7A6723A21C8D1DC60041E638 /* QiuShiDetailViewController.m */ = {isa = PBXFileReference; fileEncoding = 4; lastKnownFileType = sourcecode.c.objc; path = QiuShiDetailViewController.m; sourceTree = "<group>"; };
		7A6723A41C8D36170041E638 /* QiushiDeatil.plist */ = {isa = PBXFileReference; fileEncoding = 4; lastKnownFileType = text.plist.xml; path = QiushiDeatil.plist; sourceTree = "<group>"; };
		7A6723A61C8D504D0041E638 /* QiuShiDetailModell.h */ = {isa = PBXFileReference; fileEncoding = 4; lastKnownFileType = sourcecode.c.h; path = QiuShiDetailModell.h; sourceTree = "<group>"; };
		7A6723A71C8D504D0041E638 /* QiuShiDetailModell.m */ = {isa = PBXFileReference; fileEncoding = 4; lastKnownFileType = sourcecode.c.objc; path = QiuShiDetailModell.m; sourceTree = "<group>"; };
		7A6723A91C8D50670041E638 /* QiuShiDetailTableViewCell.h */ = {isa = PBXFileReference; fileEncoding = 4; lastKnownFileType = sourcecode.c.h; path = QiuShiDetailTableViewCell.h; sourceTree = "<group>"; };
		7A6723AA1C8D50670041E638 /* QiuShiDetailTableViewCell.m */ = {isa = PBXFileReference; fileEncoding = 4; lastKnownFileType = sourcecode.c.objc; path = QiuShiDetailTableViewCell.m; sourceTree = "<group>"; };
		7A6723AC1C8D96230041E638 /* StoreKit.framework */ = {isa = PBXFileReference; lastKnownFileType = wrapper.framework; name = StoreKit.framework; path = System/Library/Frameworks/StoreKit.framework; sourceTree = SDKROOT; };
		7A6723AF1C8DB64A0041E638 /* ProgressHUD.bundle */ = {isa = PBXFileReference; lastKnownFileType = "wrapper.plug-in"; path = ProgressHUD.bundle; sourceTree = "<group>"; };
		7A6723B01C8DB64A0041E638 /* ProgressHUD.h */ = {isa = PBXFileReference; fileEncoding = 4; lastKnownFileType = sourcecode.c.h; path = ProgressHUD.h; sourceTree = "<group>"; };
		7A6723B11C8DB64A0041E638 /* ProgressHUD.m */ = {isa = PBXFileReference; fileEncoding = 4; lastKnownFileType = sourcecode.c.objc; path = ProgressHUD.m; sourceTree = "<group>"; };
		7A75DC051C890C4400BFBA10 /* CommonMacro.h */ = {isa = PBXFileReference; fileEncoding = 4; lastKnownFileType = sourcecode.c.h; path = CommonMacro.h; sourceTree = "<group>"; };
		7A75DC061C890C4400BFBA10 /* SCNavTabBar.bundle */ = {isa = PBXFileReference; lastKnownFileType = "wrapper.plug-in"; path = SCNavTabBar.bundle; sourceTree = "<group>"; };
		7A75DC081C890C4400BFBA10 /* SCNavTabBarController.h */ = {isa = PBXFileReference; fileEncoding = 4; lastKnownFileType = sourcecode.c.h; path = SCNavTabBarController.h; sourceTree = "<group>"; };
		7A75DC091C890C4400BFBA10 /* SCNavTabBarController.m */ = {isa = PBXFileReference; fileEncoding = 4; lastKnownFileType = sourcecode.c.objc; path = SCNavTabBarController.m; sourceTree = "<group>"; };
		7A75DC0B1C890C4400BFBA10 /* SCNavTabBar.h */ = {isa = PBXFileReference; fileEncoding = 4; lastKnownFileType = sourcecode.c.h; path = SCNavTabBar.h; sourceTree = "<group>"; };
		7A75DC0C1C890C4400BFBA10 /* SCNavTabBar.m */ = {isa = PBXFileReference; fileEncoding = 4; lastKnownFileType = sourcecode.c.objc; path = SCNavTabBar.m; sourceTree = "<group>"; };
		7A75DC0D1C890C4400BFBA10 /* SCPopView.h */ = {isa = PBXFileReference; fileEncoding = 4; lastKnownFileType = sourcecode.c.h; path = SCPopView.h; sourceTree = "<group>"; };
		7A75DC0E1C890C4400BFBA10 /* SCPopView.m */ = {isa = PBXFileReference; fileEncoding = 4; lastKnownFileType = sourcecode.c.objc; path = SCPopView.m; sourceTree = "<group>"; };
		7A75DC131C8916D000BFBA10 /* jokerHumorViewController.h */ = {isa = PBXFileReference; fileEncoding = 4; lastKnownFileType = sourcecode.c.h; name = jokerHumorViewController.h; path = ../jokerHumorViewController.h; sourceTree = "<group>"; };
		7A75DC141C8916D000BFBA10 /* jokerHumorViewController.m */ = {isa = PBXFileReference; fileEncoding = 4; lastKnownFileType = sourcecode.c.objc; name = jokerHumorViewController.m; path = ../jokerHumorViewController.m; sourceTree = "<group>"; };
		7A75DC191C891C8E00BFBA10 /* KverHot.plist */ = {isa = PBXFileReference; fileEncoding = 4; lastKnownFileType = text.plist.xml; path = KverHot.plist; sourceTree = "<group>"; };
		7A75DC1B1C89200300BFBA10 /* VertHotTableViewCell.h */ = {isa = PBXFileReference; fileEncoding = 4; lastKnownFileType = sourcecode.c.h; path = VertHotTableViewCell.h; sourceTree = "<group>"; };
		7A75DC1C1C89200300BFBA10 /* VertHotTableViewCell.m */ = {isa = PBXFileReference; fileEncoding = 4; lastKnownFileType = sourcecode.c.objc; path = VertHotTableViewCell.m; sourceTree = "<group>"; };
		7A75DC1E1C892AEA00BFBA10 /* verHotModel.h */ = {isa = PBXFileReference; fileEncoding = 4; lastKnownFileType = sourcecode.c.h; path = verHotModel.h; sourceTree = "<group>"; };
		7A75DC1F1C892AEA00BFBA10 /* verHotModel.m */ = {isa = PBXFileReference; fileEncoding = 4; lastKnownFileType = sourcecode.c.objc; path = verHotModel.m; sourceTree = "<group>"; };
		7A7A920B1C89749200F9F0E9 /* verHotDetailTableViewController.h */ = {isa = PBXFileReference; fileEncoding = 4; lastKnownFileType = sourcecode.c.h; path = verHotDetailTableViewController.h; sourceTree = "<group>"; };
		7A7A920C1C89749200F9F0E9 /* verHotDetailTableViewController.m */ = {isa = PBXFileReference; fileEncoding = 4; lastKnownFileType = sourcecode.c.objc; path = verHotDetailTableViewController.m; sourceTree = "<group>"; };
		7A821D141C8F9F35003D1EF1 /* Bmob_iOS_SDK更新历史.txt */ = {isa = PBXFileReference; fileEncoding = 4; lastKnownFileType = text; path = "Bmob_iOS_SDK更新历史.txt"; sourceTree = "<group>"; };
		7A821D151C8F9F35003D1EF1 /* BmobSDK.framework */ = {isa = PBXFileReference; lastKnownFileType = wrapper.framework; path = BmobSDK.framework; sourceTree = "<group>"; };
		7A821DCF1C8FC018003D1EF1 /* libWeiboSDK.a */ = {isa = PBXFileReference; lastKnownFileType = archive.ar; path = libWeiboSDK.a; sourceTree = "<group>"; };
		7A821DD01C8FC018003D1EF1 /* WBHttpRequest+WeiboGame.h */ = {isa = PBXFileReference; fileEncoding = 4; lastKnownFileType = sourcecode.c.h; path = "WBHttpRequest+WeiboGame.h"; sourceTree = "<group>"; };
		7A821DD11C8FC018003D1EF1 /* WBHttpRequest+WeiboShare.h */ = {isa = PBXFileReference; fileEncoding = 4; lastKnownFileType = sourcecode.c.h; path = "WBHttpRequest+WeiboShare.h"; sourceTree = "<group>"; };
		7A821DD21C8FC018003D1EF1 /* WBHttpRequest+WeiboToken.h */ = {isa = PBXFileReference; fileEncoding = 4; lastKnownFileType = sourcecode.c.h; path = "WBHttpRequest+WeiboToken.h"; sourceTree = "<group>"; };
		7A821DD31C8FC018003D1EF1 /* WBHttpRequest+WeiboUser.h */ = {isa = PBXFileReference; fileEncoding = 4; lastKnownFileType = sourcecode.c.h; path = "WBHttpRequest+WeiboUser.h"; sourceTree = "<group>"; };
		7A821DD41C8FC018003D1EF1 /* WBHttpRequest.h */ = {isa = PBXFileReference; fileEncoding = 4; lastKnownFileType = sourcecode.c.h; path = WBHttpRequest.h; sourceTree = "<group>"; };
		7A821DD51C8FC018003D1EF1 /* WBSDKBasicButton.h */ = {isa = PBXFileReference; fileEncoding = 4; lastKnownFileType = sourcecode.c.h; path = WBSDKBasicButton.h; sourceTree = "<group>"; };
		7A821DD61C8FC018003D1EF1 /* WBSDKCommentButton.h */ = {isa = PBXFileReference; fileEncoding = 4; lastKnownFileType = sourcecode.c.h; path = WBSDKCommentButton.h; sourceTree = "<group>"; };
		7A821DD71C8FC018003D1EF1 /* WBSDKRelationshipButton.h */ = {isa = PBXFileReference; fileEncoding = 4; lastKnownFileType = sourcecode.c.h; path = WBSDKRelationshipButton.h; sourceTree = "<group>"; };
		7A821DD81C8FC018003D1EF1 /* WeiboSDK.bundle */ = {isa = PBXFileReference; lastKnownFileType = "wrapper.plug-in"; path = WeiboSDK.bundle; sourceTree = "<group>"; };
		7A821DD91C8FC018003D1EF1 /* WeiboSDK.h */ = {isa = PBXFileReference; fileEncoding = 4; lastKnownFileType = sourcecode.c.h; path = WeiboSDK.h; sourceTree = "<group>"; };
		7A821DDA1C8FC018003D1EF1 /* WeiboUser.h */ = {isa = PBXFileReference; fileEncoding = 4; lastKnownFileType = sourcecode.c.h; path = WeiboUser.h; sourceTree = "<group>"; };
		7A821DE51C8FC655003D1EF1 /* ShareView.m */ = {isa = PBXFileReference; fileEncoding = 4; lastKnownFileType = sourcecode.c.objc; path = ShareView.m; sourceTree = "<group>"; };
		7A821DE71C8FC65B003D1EF1 /* ShareView.h */ = {isa = PBXFileReference; fileEncoding = 4; lastKnownFileType = sourcecode.c.h; path = ShareView.h; sourceTree = "<group>"; };
		7A821DE81C90143E003D1EF1 /* libsqlite3.0.tbd */ = {isa = PBXFileReference; lastKnownFileType = "sourcecode.text-based-dylib-definition"; name = libsqlite3.0.tbd; path = usr/lib/libsqlite3.0.tbd; sourceTree = SDKROOT; };
		7A821DEA1C9015F5003D1EF1 /* DataBaseManger.h */ = {isa = PBXFileReference; fileEncoding = 4; lastKnownFileType = sourcecode.c.h; path = DataBaseManger.h; sourceTree = "<group>"; };
		7A821DEB1C9015F5003D1EF1 /* DataBaseManger.m */ = {isa = PBXFileReference; fileEncoding = 4; lastKnownFileType = sourcecode.c.objc; path = DataBaseManger.m; sourceTree = "<group>"; };
		7A821DED1C906101003D1EF1 /* UIViewController+Common.h */ = {isa = PBXFileReference; fileEncoding = 4; lastKnownFileType = sourcecode.c.h; path = "UIViewController+Common.h"; sourceTree = "<group>"; };
		7A821DEE1C906107003D1EF1 /* UIViewController+Common.m */ = {isa = PBXFileReference; fileEncoding = 4; lastKnownFileType = sourcecode.c.objc; path = "UIViewController+Common.m"; sourceTree = "<group>"; };
		7AA22FD41C8BF01E005D2646 /* qiushi.plist */ = {isa = PBXFileReference; fileEncoding = 4; lastKnownFileType = text.plist.xml; path = qiushi.plist; sourceTree = "<group>"; };
		7AA22FD61C8BF34C005D2646 /* qiushiModel.h */ = {isa = PBXFileReference; fileEncoding = 4; lastKnownFileType = sourcecode.c.h; path = qiushiModel.h; sourceTree = "<group>"; };
		7AA22FD71C8BF34C005D2646 /* qiushiModel.m */ = {isa = PBXFileReference; fileEncoding = 4; lastKnownFileType = sourcecode.c.objc; path = qiushiModel.m; sourceTree = "<group>"; };
		7AA22FD91C8BF3BF005D2646 /* QiuShiTableViewCell.h */ = {isa = PBXFileReference; fileEncoding = 4; lastKnownFileType = sourcecode.c.h; path = QiuShiTableViewCell.h; sourceTree = "<group>"; };
		7AA22FDA1C8BF3BF005D2646 /* QiuShiTableViewCell.m */ = {isa = PBXFileReference; fileEncoding = 4; lastKnownFileType = sourcecode.c.objc; path = QiuShiTableViewCell.m; sourceTree = "<group>"; };
		7AA22FE71C8C61B4005D2646 /* joker.plist */ = {isa = PBXFileReference; fileEncoding = 4; lastKnownFileType = text.plist.xml; path = joker.plist; sourceTree = "<group>"; };
		7AA22FE91C8C635A005D2646 /* jokerModel.h */ = {isa = PBXFileReference; fileEncoding = 4; lastKnownFileType = sourcecode.c.h; path = jokerModel.h; sourceTree = "<group>"; };
		7AA22FEA1C8C635A005D2646 /* jokerModel.m */ = {isa = PBXFileReference; fileEncoding = 4; lastKnownFileType = sourcecode.c.objc; path = jokerModel.m; sourceTree = "<group>"; };
		7AA6F7B81C88287200C7DE19 /* BurstLaugh.app */ = {isa = PBXFileReference; explicitFileType = wrapper.application; includeInIndex = 0; path = BurstLaugh.app; sourceTree = BUILT_PRODUCTS_DIR; };
		7AA6F7BC1C88287200C7DE19 /* main.m */ = {isa = PBXFileReference; lastKnownFileType = sourcecode.c.objc; path = main.m; sourceTree = "<group>"; };
		7AA6F7BE1C88287200C7DE19 /* AppDelegate.h */ = {isa = PBXFileReference; lastKnownFileType = sourcecode.c.h; path = AppDelegate.h; sourceTree = "<group>"; };
		7AA6F7BF1C88287200C7DE19 /* AppDelegate.m */ = {isa = PBXFileReference; lastKnownFileType = sourcecode.c.objc; path = AppDelegate.m; sourceTree = "<group>"; };
		7AA6F7C11C88287200C7DE19 /* Assets.xcassets */ = {isa = PBXFileReference; lastKnownFileType = folder.assetcatalog; path = Assets.xcassets; sourceTree = "<group>"; };
		7AA6F7C41C88287200C7DE19 /* Base */ = {isa = PBXFileReference; lastKnownFileType = file.storyboard; name = Base; path = Base.lproj/LaunchScreen.storyboard; sourceTree = "<group>"; };
		7AA6F7C61C88287200C7DE19 /* Info.plist */ = {isa = PBXFileReference; lastKnownFileType = text.plist.xml; path = Info.plist; sourceTree = "<group>"; };
		7AA6F7CB1C88287200C7DE19 /* BurstLaughTests.xctest */ = {isa = PBXFileReference; explicitFileType = wrapper.cfbundle; includeInIndex = 0; path = BurstLaughTests.xctest; sourceTree = BUILT_PRODUCTS_DIR; };
		7AA6F7CF1C88287200C7DE19 /* BurstLaughTests.m */ = {isa = PBXFileReference; lastKnownFileType = sourcecode.c.objc; path = BurstLaughTests.m; sourceTree = "<group>"; };
		7AA6F7D11C88287200C7DE19 /* Info.plist */ = {isa = PBXFileReference; lastKnownFileType = text.plist.xml; path = Info.plist; sourceTree = "<group>"; };
		7AA6F7D61C88287200C7DE19 /* BurstLaughUITests.xctest */ = {isa = PBXFileReference; explicitFileType = wrapper.cfbundle; includeInIndex = 0; path = BurstLaughUITests.xctest; sourceTree = BUILT_PRODUCTS_DIR; };
		7AA6F7DA1C88287200C7DE19 /* BurstLaughUITests.m */ = {isa = PBXFileReference; lastKnownFileType = sourcecode.c.objc; path = BurstLaughUITests.m; sourceTree = "<group>"; };
		7AA6F7DC1C88287200C7DE19 /* Info.plist */ = {isa = PBXFileReference; lastKnownFileType = text.plist.xml; path = Info.plist; sourceTree = "<group>"; };
		7AA6F8081C8829F700C7DE19 /* MineViewController.h */ = {isa = PBXFileReference; fileEncoding = 4; lastKnownFileType = sourcecode.c.h; path = MineViewController.h; sourceTree = "<group>"; };
		7AA6F8091C8829F700C7DE19 /* MineViewController.m */ = {isa = PBXFileReference; fileEncoding = 4; lastKnownFileType = sourcecode.c.objc; path = MineViewController.m; sourceTree = "<group>"; };
		7AA6F8161C882BFE00C7DE19 /* LaughtFairViewController.h */ = {isa = PBXFileReference; fileEncoding = 4; lastKnownFileType = sourcecode.c.h; path = LaughtFairViewController.h; sourceTree = "<group>"; };
		7AA6F8171C882BFE00C7DE19 /* LaughtFairViewController.m */ = {isa = PBXFileReference; fileEncoding = 4; lastKnownFileType = sourcecode.c.objc; path = LaughtFairViewController.m; sourceTree = "<group>"; };
		7AA6F8191C8830BA00C7DE19 /* jokes.storyboard */ = {isa = PBXFileReference; fileEncoding = 4; lastKnownFileType = file.storyboard; path = jokes.storyboard; sourceTree = "<group>"; };
		7AA6F81B1C88317000C7DE19 /* Laught.storyboard */ = {isa = PBXFileReference; fileEncoding = 4; lastKnownFileType = file.storyboard; path = Laught.storyboard; sourceTree = "<group>"; };
		7AA6F81D1C88319500C7DE19 /* Mine.storyboard */ = {isa = PBXFileReference; fileEncoding = 4; lastKnownFileType = file.storyboard; path = Mine.storyboard; sourceTree = "<group>"; };
		7AA6F81F1C88552A00C7DE19 /* HWDefine.h */ = {isa = PBXFileReference; lastKnownFileType = sourcecode.c.h; path = HWDefine.h; sourceTree = "<group>"; };
		7AA6F8201C88553900C7DE19 /* PrefixHeader.pch */ = {isa = PBXFileReference; lastKnownFileType = sourcecode.c.h; path = PrefixHeader.pch; sourceTree = "<group>"; };
		7AA6F82E1C885C9800C7DE19 /* QiushiViewController.h */ = {isa = PBXFileReference; fileEncoding = 4; lastKnownFileType = sourcecode.c.h; path = QiushiViewController.h; sourceTree = "<group>"; };
		7AA6F82F1C885C9800C7DE19 /* QiushiViewController.m */ = {isa = PBXFileReference; fileEncoding = 4; lastKnownFileType = sourcecode.c.objc; path = QiushiViewController.m; sourceTree = "<group>"; };
		7AA6F8311C885CAA00C7DE19 /* VideoViewController.h */ = {isa = PBXFileReference; fileEncoding = 4; lastKnownFileType = sourcecode.c.h; path = VideoViewController.h; sourceTree = "<group>"; };
		7AA6F8321C885CAA00C7DE19 /* VideoViewController.m */ = {isa = PBXFileReference; fileEncoding = 4; lastKnownFileType = sourcecode.c.objc; path = VideoViewController.m; sourceTree = "<group>"; };
		7AA6F8341C88705600C7DE19 /* VerHotViewController.h */ = {isa = PBXFileReference; fileEncoding = 4; lastKnownFileType = sourcecode.c.h; path = VerHotViewController.h; sourceTree = "<group>"; };
		7AA6F8351C88705600C7DE19 /* VerHotViewController.m */ = {isa = PBXFileReference; fileEncoding = 4; lastKnownFileType = sourcecode.c.objc; path = VerHotViewController.m; sourceTree = "<group>"; };
		7AC80A9C1C8E52460010C18E /* CoreLocation.framework */ = {isa = PBXFileReference; lastKnownFileType = wrapper.framework; name = CoreLocation.framework; path = System/Library/Frameworks/CoreLocation.framework; sourceTree = SDKROOT; };
		7AC80A9E1C8E52500010C18E /* Security.framework */ = {isa = PBXFileReference; lastKnownFileType = wrapper.framework; name = Security.framework; path = System/Library/Frameworks/Security.framework; sourceTree = SDKROOT; };
		7AC80AA01C8E52580010C18E /* CoreGraphics.framework */ = {isa = PBXFileReference; lastKnownFileType = wrapper.framework; name = CoreGraphics.framework; path = System/Library/Frameworks/CoreGraphics.framework; sourceTree = SDKROOT; };
		7AC80AA21C8E527D0010C18E /* CFNetwork.framework */ = {isa = PBXFileReference; lastKnownFileType = wrapper.framework; name = CFNetwork.framework; path = System/Library/Frameworks/CFNetwork.framework; sourceTree = SDKROOT; };
		7AC80AA41C8E52870010C18E /* CoreTelephony.framework */ = {isa = PBXFileReference; lastKnownFileType = wrapper.framework; name = CoreTelephony.framework; path = System/Library/Frameworks/CoreTelephony.framework; sourceTree = SDKROOT; };
		7AC80AA61C8E52940010C18E /* SystemConfiguration.framework */ = {isa = PBXFileReference; lastKnownFileType = wrapper.framework; name = SystemConfiguration.framework; path = System/Library/Frameworks/SystemConfiguration.framework; sourceTree = SDKROOT; };
		7AC80AA81C8E529E0010C18E /* libz.1.2.5.tbd */ = {isa = PBXFileReference; lastKnownFileType = "sourcecode.text-based-dylib-definition"; name = libz.1.2.5.tbd; path = usr/lib/libz.1.2.5.tbd; sourceTree = SDKROOT; };
		7AC80AAA1C8E52C50010C18E /* libicucore.tbd */ = {isa = PBXFileReference; lastKnownFileType = "sourcecode.text-based-dylib-definition"; name = libicucore.tbd; path = usr/lib/libicucore.tbd; sourceTree = SDKROOT; };
		7AC80AAC1C8E52D10010C18E /* libsqlite3.tbd */ = {isa = PBXFileReference; lastKnownFileType = "sourcecode.text-based-dylib-definition"; name = libsqlite3.tbd; path = usr/lib/libsqlite3.tbd; sourceTree = SDKROOT; };
		7AC80AB51C8E708C0010C18E /* LoginViewController.h */ = {isa = PBXFileReference; fileEncoding = 4; lastKnownFileType = sourcecode.c.h; path = LoginViewController.h; sourceTree = "<group>"; };
		7AC80AB61C8E708C0010C18E /* LoginViewController.m */ = {isa = PBXFileReference; fileEncoding = 4; lastKnownFileType = sourcecode.c.objc; path = LoginViewController.m; sourceTree = "<group>"; };
		7AC80AB81C8E709F0010C18E /* RegisterViewController.h */ = {isa = PBXFileReference; fileEncoding = 4; lastKnownFileType = sourcecode.c.h; path = RegisterViewController.h; sourceTree = "<group>"; };
		7AC80AB91C8E709F0010C18E /* RegisterViewController.m */ = {isa = PBXFileReference; fileEncoding = 4; lastKnownFileType = sourcecode.c.objc; path = RegisterViewController.m; sourceTree = "<group>"; };
		7AC80ABB1C8E80410010C18E /* Login.storyboard */ = {isa = PBXFileReference; fileEncoding = 4; lastKnownFileType = file.storyboard; path = Login.storyboard; sourceTree = "<group>"; };
		7AC80ABE1C8EA02F0010C18E /* LICENCE.txt */ = {isa = PBXFileReference; fileEncoding = 4; lastKnownFileType = text; path = LICENCE.txt; sourceTree = "<group>"; };
		7AC80ABF1C8EA02F0010C18E /* Reachability.h */ = {isa = PBXFileReference; fileEncoding = 4; lastKnownFileType = sourcecode.c.h; path = Reachability.h; sourceTree = "<group>"; };
		7AC80AC01C8EA02F0010C18E /* Reachability.m */ = {isa = PBXFileReference; fileEncoding = 4; lastKnownFileType = sourcecode.c.objc; path = Reachability.m; sourceTree = "<group>"; };
		7AC80AC11C8EA02F0010C18E /* README.md */ = {isa = PBXFileReference; fileEncoding = 4; lastKnownFileType = net.daringfireball.markdown; path = README.md; sourceTree = "<group>"; };
		7AC80AC51C8EA2570010C18E /* ZMYNetManager.m */ = {isa = PBXFileReference; fileEncoding = 4; lastKnownFileType = sourcecode.c.objc; name = ZMYNetManager.m; path = SUNavTabBar/ZMYNetManager.m; sourceTree = "<group>"; };
		7AC80ACA1C8EA29C0010C18E /* ZMYNetManager.h */ = {isa = PBXFileReference; fileEncoding = 4; lastKnownFileType = sourcecode.c.h; name = ZMYNetManager.h; path = SUNavTabBar/ZMYNetManager.h; sourceTree = "<group>"; };
		7AC80ACB1C8EBF6F0010C18E /* FindPaswordViewController.h */ = {isa = PBXFileReference; fileEncoding = 4; lastKnownFileType = sourcecode.c.h; path = FindPaswordViewController.h; sourceTree = "<group>"; };
		7AC80ACC1C8EBF6F0010C18E /* FindPaswordViewController.m */ = {isa = PBXFileReference; fileEncoding = 4; lastKnownFileType = sourcecode.c.objc; path = FindPaswordViewController.m; sourceTree = "<group>"; };
		7AC80ACE1C8ECCFF0010C18E /* CollectionViewController.h */ = {isa = PBXFileReference; fileEncoding = 4; lastKnownFileType = sourcecode.c.h; name = CollectionViewController.h; path = Login/Views/CollectionViewController.h; sourceTree = "<group>"; };
		7AC80ACF1C8ECCFF0010C18E /* CollectionViewController.m */ = {isa = PBXFileReference; fileEncoding = 4; lastKnownFileType = sourcecode.c.objc; name = CollectionViewController.m; path = Login/Views/CollectionViewController.m; sourceTree = "<group>"; };
/* End PBXFileReference section */

/* Begin PBXFrameworksBuildPhase section */
		7AA6F7B51C88287100C7DE19 /* Frameworks */ = {
			isa = PBXFrameworksBuildPhase;
			buildActionMask = 2147483647;
			files = (
				7AC80A9D1C8E52460010C18E /* CoreLocation.framework in Frameworks */,
				7AC80AA71C8E52940010C18E /* SystemConfiguration.framework in Frameworks */,
				7A2BA5861C91210B00D9353C /* libz.tbd in Frameworks */,
				7A821DE91C90143E003D1EF1 /* libsqlite3.0.tbd in Frameworks */,
				7A2BA5881C9125B500D9353C /* libc++.tbd in Frameworks */,
				7A65D14E1C8A86A00016B8A3 /* MediaPlayer.framework in Frameworks */,
				7A65D1521C8A86B30016B8A3 /* AVFoundation.framework in Frameworks */,
				7AC80AAD1C8E52D10010C18E /* libsqlite3.tbd in Frameworks */,
				7AC80AAB1C8E52C50010C18E /* libicucore.tbd in Frameworks */,
				7AC80AA91C8E529E0010C18E /* libz.1.2.5.tbd in Frameworks */,
				7AC80AA51C8E52870010C18E /* CoreTelephony.framework in Frameworks */,
				7AC80AA31C8E527D0010C18E /* CFNetwork.framework in Frameworks */,
				7A821D171C8F9F35003D1EF1 /* BmobSDK.framework in Frameworks */,
				7A65D1401C8A7AA60016B8A3 /* MobileCoreServices.framework in Frameworks */,
				7AC80AA11C8E52580010C18E /* CoreGraphics.framework in Frameworks */,
				7AC80A9F1C8E52500010C18E /* Security.framework in Frameworks */,
				7A6723AD1C8D96230041E638 /* StoreKit.framework in Frameworks */,
				7A65D1541C8A86BF0016B8A3 /* CoreMedia.framework in Frameworks */,
				7A2BA5831C911DB700D9353C /* libWeChatSDK.a in Frameworks */,
				7A821DDB1C8FC018003D1EF1 /* libWeiboSDK.a in Frameworks */,
				7A65D1501C8A86AB0016B8A3 /* MediaToolbox.framework in Frameworks */,
				7A65D1421C8A7AB10016B8A3 /* ImageIO.framework in Frameworks */,
				7A65D13E1C8A7A9F0016B8A3 /* QuartzCore.framework in Frameworks */,
				F3837E0512CA2CBD94F564C9 /* libPods.a in Frameworks */,
			);
			runOnlyForDeploymentPostprocessing = 0;
		};
		7AA6F7C81C88287200C7DE19 /* Frameworks */ = {
			isa = PBXFrameworksBuildPhase;
			buildActionMask = 2147483647;
			files = (
			);
			runOnlyForDeploymentPostprocessing = 0;
		};
		7AA6F7D31C88287200C7DE19 /* Frameworks */ = {
			isa = PBXFrameworksBuildPhase;
			buildActionMask = 2147483647;
			files = (
			);
			runOnlyForDeploymentPostprocessing = 0;
		};
/* End PBXFrameworksBuildPhase section */

/* Begin PBXGroup section */
		7A2BA57D1C911DB700D9353C /* SDK1.6.2 */ = {
			isa = PBXGroup;
			children = (
				7A2BA57E1C911DB700D9353C /* libWeChatSDK.a */,
				7A2BA57F1C911DB700D9353C /* read_me.txt */,
				7A2BA5801C911DB700D9353C /* WechatAuthSDK.h */,
				7A2BA5811C911DB700D9353C /* WXApi.h */,
				7A2BA5821C911DB700D9353C /* WXApiObject.h */,
			);
			path = SDK1.6.2;
			sourceTree = "<group>";
		};
		7A65D1451C8A85630016B8A3 /* PullingRefreshTableView */ = {
			isa = PBXGroup;
			children = (
				7A65D1461C8A85630016B8A3 /* blueArrow.png */,
				7A65D1471C8A85630016B8A3 /* blueArrowDown.png */,
				7A65D1481C8A85630016B8A3 /* PullingRefreshTableView.h */,
				7A65D1491C8A85630016B8A3 /* PullingRefreshTableView.m */,
			);
			path = PullingRefreshTableView;
			sourceTree = "<group>";
		};
		7A6723AE1C8DB64A0041E638 /* ProgressHUD */ = {
			isa = PBXGroup;
			children = (
				7A6723AF1C8DB64A0041E638 /* ProgressHUD.bundle */,
				7A6723B01C8DB64A0041E638 /* ProgressHUD.h */,
				7A6723B11C8DB64A0041E638 /* ProgressHUD.m */,
			);
			path = ProgressHUD;
			sourceTree = "<group>";
		};
		7A75DC031C890C4400BFBA10 /* Resure */ = {
			isa = PBXGroup;
			children = (
				7AC80ACA1C8EA29C0010C18E /* ZMYNetManager.h */,
				7AC80AC51C8EA2570010C18E /* ZMYNetManager.m */,
				7AC80ABD1C8EA02F0010C18E /* Reachability */,
				7A75DC041C890C4400BFBA10 /* SUNavTabBar */,
			);
			path = Resure;
			sourceTree = "<group>";
		};
		7A75DC041C890C4400BFBA10 /* SUNavTabBar */ = {
			isa = PBXGroup;
			children = (
				7A75DC051C890C4400BFBA10 /* CommonMacro.h */,
				7A75DC061C890C4400BFBA10 /* SCNavTabBar.bundle */,
				7A75DC071C890C4400BFBA10 /* ViewControllers */,
				7A75DC0A1C890C4400BFBA10 /* Views */,
			);
			path = SUNavTabBar;
			sourceTree = "<group>";
		};
		7A75DC071C890C4400BFBA10 /* ViewControllers */ = {
			isa = PBXGroup;
			children = (
				7A75DC081C890C4400BFBA10 /* SCNavTabBarController.h */,
				7A75DC091C890C4400BFBA10 /* SCNavTabBarController.m */,
			);
			path = ViewControllers;
			sourceTree = "<group>";
		};
		7A75DC0A1C890C4400BFBA10 /* Views */ = {
			isa = PBXGroup;
			children = (
				7A75DC0B1C890C4400BFBA10 /* SCNavTabBar.h */,
				7A75DC0C1C890C4400BFBA10 /* SCNavTabBar.m */,
				7A75DC0D1C890C4400BFBA10 /* SCPopView.h */,
				7A75DC0E1C890C4400BFBA10 /* SCPopView.m */,
			);
			path = Views;
			sourceTree = "<group>";
		};
		7A821D131C8F9F35003D1EF1 /* Bmob_SDK_iOS_v1.6.6 */ = {
			isa = PBXGroup;
			children = (
				7A821D141C8F9F35003D1EF1 /* Bmob_iOS_SDK更新历史.txt */,
				7A821D151C8F9F35003D1EF1 /* BmobSDK.framework */,
			);
			path = Bmob_SDK_iOS_v1.6.6;
			sourceTree = "<group>";
		};
		7A821DCE1C8FC018003D1EF1 /* libWeiboSDK */ = {
			isa = PBXGroup;
			children = (
				7A821DCF1C8FC018003D1EF1 /* libWeiboSDK.a */,
				7A821DD01C8FC018003D1EF1 /* WBHttpRequest+WeiboGame.h */,
				7A821DD11C8FC018003D1EF1 /* WBHttpRequest+WeiboShare.h */,
				7A821DD21C8FC018003D1EF1 /* WBHttpRequest+WeiboToken.h */,
				7A821DD31C8FC018003D1EF1 /* WBHttpRequest+WeiboUser.h */,
				7A821DD41C8FC018003D1EF1 /* WBHttpRequest.h */,
				7A821DD51C8FC018003D1EF1 /* WBSDKBasicButton.h */,
				7A821DD61C8FC018003D1EF1 /* WBSDKCommentButton.h */,
				7A821DD71C8FC018003D1EF1 /* WBSDKRelationshipButton.h */,
				7A821DD81C8FC018003D1EF1 /* WeiboSDK.bundle */,
				7A821DD91C8FC018003D1EF1 /* WeiboSDK.h */,
				7A821DDA1C8FC018003D1EF1 /* WeiboUser.h */,
			);
			path = libWeiboSDK;
			sourceTree = "<group>";
		};
		7AA6F7AF1C88287100C7DE19 = {
			isa = PBXGroup;
			children = (
				7AA6F7BA1C88287200C7DE19 /* BurstLaugh */,
				7AA6F7CE1C88287200C7DE19 /* BurstLaughTests */,
				7AA6F7D91C88287200C7DE19 /* BurstLaughUITests */,
				7AA6F7B91C88287200C7DE19 /* Products */,
				C461C02EB6A8EEF5EB3A9A91 /* Pods */,
				F3D2E31A06ECEF295C3E91F0 /* Frameworks */,
			);
			sourceTree = "<group>";
		};
		7AA6F7B91C88287200C7DE19 /* Products */ = {
			isa = PBXGroup;
			children = (
				7AA6F7B81C88287200C7DE19 /* BurstLaugh.app */,
				7AA6F7CB1C88287200C7DE19 /* BurstLaughTests.xctest */,
				7AA6F7D61C88287200C7DE19 /* BurstLaughUITests.xctest */,
			);
			name = Products;
			sourceTree = "<group>";
		};
		7AA6F7BA1C88287200C7DE19 /* BurstLaugh */ = {
			isa = PBXGroup;
			children = (
				7AA6F7E81C8829F700C7DE19 /* Classes */,
				7AA6F80E1C8829F700C7DE19 /* Library */,
				7AA6F80F1C8829F700C7DE19 /* Resource */,
				7AA6F7BE1C88287200C7DE19 /* AppDelegate.h */,
				7AA6F7BF1C88287200C7DE19 /* AppDelegate.m */,
				7AA6F7C11C88287200C7DE19 /* Assets.xcassets */,
				7AA6F7C31C88287200C7DE19 /* LaunchScreen.storyboard */,
				7AA6F7C61C88287200C7DE19 /* Info.plist */,
				7AA6F7BB1C88287200C7DE19 /* Supporting Files */,
			);
			path = BurstLaugh;
			sourceTree = "<group>";
		};
		7AA6F7BB1C88287200C7DE19 /* Supporting Files */ = {
			isa = PBXGroup;
			children = (
				7AA6F7BC1C88287200C7DE19 /* main.m */,
			);
			name = "Supporting Files";
			sourceTree = "<group>";
		};
		7AA6F7CE1C88287200C7DE19 /* BurstLaughTests */ = {
			isa = PBXGroup;
			children = (
				7AA6F7CF1C88287200C7DE19 /* BurstLaughTests.m */,
				7AA6F7D11C88287200C7DE19 /* Info.plist */,
			);
			path = BurstLaughTests;
			sourceTree = "<group>";
		};
		7AA6F7D91C88287200C7DE19 /* BurstLaughUITests */ = {
			isa = PBXGroup;
			children = (
				7AA6F7DA1C88287200C7DE19 /* BurstLaughUITests.m */,
				7AA6F7DC1C88287200C7DE19 /* Info.plist */,
			);
			path = BurstLaughUITests;
			sourceTree = "<group>";
		};
		7AA6F7E81C8829F700C7DE19 /* Classes */ = {
			isa = PBXGroup;
			children = (
				7AA6F7E91C8829F700C7DE19 /* Jokes */,
				7AA6F7F41C8829F700C7DE19 /* LaughFair */,
				7AA6F8031C8829F700C7DE19 /* Mine */,
			);
			path = Classes;
			sourceTree = "<group>";
		};
		7AA6F7E91C8829F700C7DE19 /* Jokes */ = {
			isa = PBXGroup;
			children = (
				7AA6F7EA1C8829F700C7DE19 /* jokes */,
			);
			path = Jokes;
			sourceTree = "<group>";
		};
		7AA6F7EA1C8829F700C7DE19 /* jokes */ = {
			isa = PBXGroup;
			children = (
				7AA6F7EB1C8829F700C7DE19 /* Controllers */,
				7AA6F7EC1C8829F700C7DE19 /* Modells */,
				7AA6F7ED1C8829F700C7DE19 /* Views */,
				7AA22FE71C8C61B4005D2646 /* joker.plist */,
				7A2A7ABA1CA7C133005253B0 /* 123456dszdfz.plist */,
			);
			path = jokes;
			sourceTree = "<group>";
		};
		7AA6F7EB1C8829F700C7DE19 /* Controllers */ = {
			isa = PBXGroup;
			children = (
				7A75DC131C8916D000BFBA10 /* jokerHumorViewController.h */,
				7A75DC141C8916D000BFBA10 /* jokerHumorViewController.m */,
			);
			path = Controllers;
			sourceTree = "<group>";
		};
		7AA6F7EC1C8829F700C7DE19 /* Modells */ = {
			isa = PBXGroup;
			children = (
				7AA22FE91C8C635A005D2646 /* jokerModel.h */,
				7AA22FEA1C8C635A005D2646 /* jokerModel.m */,
			);
			path = Modells;
			sourceTree = "<group>";
		};
		7AA6F7ED1C8829F700C7DE19 /* Views */ = {
			isa = PBXGroup;
			children = (
				7AA6F8191C8830BA00C7DE19 /* jokes.storyboard */,
			);
			path = Views;
			sourceTree = "<group>";
		};
		7AA6F7F41C8829F700C7DE19 /* LaughFair */ = {
			isa = PBXGroup;
			children = (
				7AA6F8161C882BFE00C7DE19 /* LaughtFairViewController.h */,
				7AA6F8171C882BFE00C7DE19 /* LaughtFairViewController.m */,
				7AA6F7F51C8829F700C7DE19 /* QiuShi */,
				7AA6F7F91C8829F700C7DE19 /* VeryHot */,
				7AA6F7FF1C8829F700C7DE19 /* Video */,
				7AA6F81B1C88317000C7DE19 /* Laught.storyboard */,
			);
			path = LaughFair;
			sourceTree = "<group>";
		};
		7AA6F7F51C8829F700C7DE19 /* QiuShi */ = {
			isa = PBXGroup;
			children = (
				7AA6F7F61C8829F700C7DE19 /* Controllers */,
				7AA6F7F71C8829F700C7DE19 /* Modells */,
				7AA6F7F81C8829F700C7DE19 /* Views */,
				7AA22FD41C8BF01E005D2646 /* qiushi.plist */,
			);
			path = QiuShi;
			sourceTree = "<group>";
		};
		7AA6F7F61C8829F700C7DE19 /* Controllers */ = {
			isa = PBXGroup;
			children = (
				7AA6F82E1C885C9800C7DE19 /* QiushiViewController.h */,
				7AA6F82F1C885C9800C7DE19 /* QiushiViewController.m */,
				7A6723A11C8D1DC60041E638 /* QiuShiDetailViewController.h */,
				7A6723A21C8D1DC60041E638 /* QiuShiDetailViewController.m */,
				7A6723A41C8D36170041E638 /* QiushiDeatil.plist */,
			);
			path = Controllers;
			sourceTree = "<group>";
		};
		7AA6F7F71C8829F700C7DE19 /* Modells */ = {
			isa = PBXGroup;
			children = (
				7AA22FD61C8BF34C005D2646 /* qiushiModel.h */,
				7AA22FD71C8BF34C005D2646 /* qiushiModel.m */,
				7A6723A61C8D504D0041E638 /* QiuShiDetailModell.h */,
				7A6723A71C8D504D0041E638 /* QiuShiDetailModell.m */,
			);
			path = Modells;
			sourceTree = "<group>";
		};
		7AA6F7F81C8829F700C7DE19 /* Views */ = {
			isa = PBXGroup;
			children = (
				7AA22FD91C8BF3BF005D2646 /* QiuShiTableViewCell.h */,
				7AA22FDA1C8BF3BF005D2646 /* QiuShiTableViewCell.m */,
				7A6723A91C8D50670041E638 /* QiuShiDetailTableViewCell.h */,
				7A6723AA1C8D50670041E638 /* QiuShiDetailTableViewCell.m */,
			);
			path = Views;
			sourceTree = "<group>";
		};
		7AA6F7F91C8829F700C7DE19 /* VeryHot */ = {
			isa = PBXGroup;
			children = (
				7AA6F7FA1C8829F700C7DE19 /* Controllers */,
				7AA6F7FD1C8829F700C7DE19 /* Modells */,
				7AA6F7FE1C8829F700C7DE19 /* Views */,
			);
			path = VeryHot;
			sourceTree = "<group>";
		};
		7AA6F7FA1C8829F700C7DE19 /* Controllers */ = {
			isa = PBXGroup;
			children = (
				7AA6F8341C88705600C7DE19 /* VerHotViewController.h */,
				7AA6F8351C88705600C7DE19 /* VerHotViewController.m */,
				7A75DC191C891C8E00BFBA10 /* KverHot.plist */,
				7A7A920B1C89749200F9F0E9 /* verHotDetailTableViewController.h */,
				7A7A920C1C89749200F9F0E9 /* verHotDetailTableViewController.m */,
			);
			path = Controllers;
			sourceTree = "<group>";
		};
		7AA6F7FD1C8829F700C7DE19 /* Modells */ = {
			isa = PBXGroup;
			children = (
				7A75DC1E1C892AEA00BFBA10 /* verHotModel.h */,
				7A75DC1F1C892AEA00BFBA10 /* verHotModel.m */,
			);
			path = Modells;
			sourceTree = "<group>";
		};
		7AA6F7FE1C8829F700C7DE19 /* Views */ = {
			isa = PBXGroup;
			children = (
				7A75DC1B1C89200300BFBA10 /* VertHotTableViewCell.h */,
				7A75DC1C1C89200300BFBA10 /* VertHotTableViewCell.m */,
				7A65D13A1C8A770D0016B8A3 /* GifView.h */,
				7A65D13B1C8A770D0016B8A3 /* GifView.m */,
			);
			path = Views;
			sourceTree = "<group>";
		};
		7AA6F7FF1C8829F700C7DE19 /* Video */ = {
			isa = PBXGroup;
			children = (
				7AA6F8001C8829F700C7DE19 /* Controllers */,
				7AA6F8011C8829F700C7DE19 /* Modells */,
				7AA6F8021C8829F700C7DE19 /* Views */,
				7A65D1431C8A81D30016B8A3 /* Vedio.plist */,
			);
			path = Video;
			sourceTree = "<group>";
		};
		7AA6F8001C8829F700C7DE19 /* Controllers */ = {
			isa = PBXGroup;
			children = (
				7AA6F8311C885CAA00C7DE19 /* VideoViewController.h */,
				7AA6F8321C885CAA00C7DE19 /* VideoViewController.m */,
				7A2A7AB01CA7914F005253B0 /* vid.plist */,
			);
			path = Controllers;
			sourceTree = "<group>";
		};
		7AA6F8011C8829F700C7DE19 /* Modells */ = {
			isa = PBXGroup;
			children = (
				7A65D1551C8A87A80016B8A3 /* videoModel.h */,
				7A65D1561C8A87A80016B8A3 /* videoModel.m */,
			);
			path = Modells;
			sourceTree = "<group>";
		};
		7AA6F8021C8829F700C7DE19 /* Views */ = {
			isa = PBXGroup;
			children = (
				7A65D15D1C8A8F870016B8A3 /* VideoTableViewCell.h */,
				7A65D15E1C8A8F870016B8A3 /* VideoTableViewCell.m */,
			);
			path = Views;
			sourceTree = "<group>";
		};
		7AA6F8031C8829F700C7DE19 /* Mine */ = {
			isa = PBXGroup;
			children = (
				7AA6F8081C8829F700C7DE19 /* MineViewController.h */,
				7AA6F8091C8829F700C7DE19 /* MineViewController.m */,
				7AC80ACE1C8ECCFF0010C18E /* CollectionViewController.h */,
				7AC80ACF1C8ECCFF0010C18E /* CollectionViewController.m */,
				7AA6F8041C8829F700C7DE19 /* Login */,
				7AA6F81D1C88319500C7DE19 /* Mine.storyboard */,
			);
			path = Mine;
			sourceTree = "<group>";
		};
		7AA6F8041C8829F700C7DE19 /* Login */ = {
			isa = PBXGroup;
			children = (
				7AA6F8051C8829F700C7DE19 /* Controllers */,
				7AA6F8061C8829F700C7DE19 /* Modells */,
				7AA6F8071C8829F700C7DE19 /* Views */,
			);
			path = Login;
			sourceTree = "<group>";
		};
		7AA6F8051C8829F700C7DE19 /* Controllers */ = {
			isa = PBXGroup;
			children = (
				7AC80AB51C8E708C0010C18E /* LoginViewController.h */,
				7AC80AB61C8E708C0010C18E /* LoginViewController.m */,
				7AC80AB81C8E709F0010C18E /* RegisterViewController.h */,
				7AC80AB91C8E709F0010C18E /* RegisterViewController.m */,
				7AC80ACB1C8EBF6F0010C18E /* FindPaswordViewController.h */,
				7AC80ACC1C8EBF6F0010C18E /* FindPaswordViewController.m */,
			);
			path = Controllers;
			sourceTree = "<group>";
		};
		7AA6F8061C8829F700C7DE19 /* Modells */ = {
			isa = PBXGroup;
			children = (
			);
			path = Modells;
			sourceTree = "<group>";
		};
		7AA6F8071C8829F700C7DE19 /* Views */ = {
			isa = PBXGroup;
			children = (
				7AC80ABB1C8E80410010C18E /* Login.storyboard */,
			);
			path = Views;
			sourceTree = "<group>";
		};
		7AA6F80E1C8829F700C7DE19 /* Library */ = {
			isa = PBXGroup;
			children = (
				7A821DEE1C906107003D1EF1 /* UIViewController+Common.m */,
				7A821DED1C906101003D1EF1 /* UIViewController+Common.h */,
				7A821DE71C8FC65B003D1EF1 /* ShareView.h */,
				7A821DE51C8FC655003D1EF1 /* ShareView.m */,
				7AA6F81F1C88552A00C7DE19 /* HWDefine.h */,
				7AA6F8201C88553900C7DE19 /* PrefixHeader.pch */,
				7A65D1621C8AC9920016B8A3 /* HWTools.h */,
				7A65D1631C8AC9920016B8A3 /* HWTools.m */,
				7A821DEA1C9015F5003D1EF1 /* DataBaseManger.h */,
				7A821DEB1C9015F5003D1EF1 /* DataBaseManger.m */,
			);
			path = Library;
			sourceTree = "<group>";
		};
		7AA6F80F1C8829F700C7DE19 /* Resource */ = {
			isa = PBXGroup;
			children = (
				7A2BA57D1C911DB700D9353C /* SDK1.6.2 */,
				7A821DCE1C8FC018003D1EF1 /* libWeiboSDK */,
				7A821D131C8F9F35003D1EF1 /* Bmob_SDK_iOS_v1.6.6 */,
				7A6723AE1C8DB64A0041E638 /* ProgressHUD */,
				7A65D1451C8A85630016B8A3 /* PullingRefreshTableView */,
				7A75DC031C890C4400BFBA10 /* Resure */,
			);
			path = Resource;
			sourceTree = "<group>";
		};
		7AC80ABD1C8EA02F0010C18E /* Reachability */ = {
			isa = PBXGroup;
			children = (
				7AC80ABE1C8EA02F0010C18E /* LICENCE.txt */,
				7AC80ABF1C8EA02F0010C18E /* Reachability.h */,
				7AC80AC01C8EA02F0010C18E /* Reachability.m */,
				7AC80AC11C8EA02F0010C18E /* README.md */,
			);
			name = Reachability;
			path = SUNavTabBar/Reachability;
			sourceTree = "<group>";
		};
		C461C02EB6A8EEF5EB3A9A91 /* Pods */ = {
			isa = PBXGroup;
			children = (
				41767937985FA64A38DBD8DB /* Pods.debug.xcconfig */,
				61B814C4AA5A0B28517C27FA /* Pods.release.xcconfig */,
			);
			name = Pods;
			sourceTree = "<group>";
		};
		F3D2E31A06ECEF295C3E91F0 /* Frameworks */ = {
			isa = PBXGroup;
			children = (
				7A2BA5871C9125B500D9353C /* libc++.tbd */,
				7A2BA5851C91210B00D9353C /* libz.tbd */,
				7A821DE81C90143E003D1EF1 /* libsqlite3.0.tbd */,
				7AC80AAC1C8E52D10010C18E /* libsqlite3.tbd */,
				7AC80AAA1C8E52C50010C18E /* libicucore.tbd */,
				7AC80AA81C8E529E0010C18E /* libz.1.2.5.tbd */,
				7AC80AA61C8E52940010C18E /* SystemConfiguration.framework */,
				7AC80AA41C8E52870010C18E /* CoreTelephony.framework */,
				7AC80AA21C8E527D0010C18E /* CFNetwork.framework */,
				7AC80AA01C8E52580010C18E /* CoreGraphics.framework */,
				7AC80A9E1C8E52500010C18E /* Security.framework */,
				7AC80A9C1C8E52460010C18E /* CoreLocation.framework */,
				7A6723AC1C8D96230041E638 /* StoreKit.framework */,
				7A65D1531C8A86BF0016B8A3 /* CoreMedia.framework */,
				7A65D1511C8A86B30016B8A3 /* AVFoundation.framework */,
				7A65D14F1C8A86AB0016B8A3 /* MediaToolbox.framework */,
				7A65D14D1C8A86A00016B8A3 /* MediaPlayer.framework */,
				7A65D1411C8A7AB10016B8A3 /* ImageIO.framework */,
				7A65D13F1C8A7AA60016B8A3 /* MobileCoreServices.framework */,
				7A65D13D1C8A7A9E0016B8A3 /* QuartzCore.framework */,
				4B75084CA0B05FBFB1A98091 /* libPods.a */,
			);
			name = Frameworks;
			sourceTree = "<group>";
		};
/* End PBXGroup section */

/* Begin PBXNativeTarget section */
		7AA6F7B71C88287100C7DE19 /* BurstLaugh */ = {
			isa = PBXNativeTarget;
			buildConfigurationList = 7AA6F7DF1C88287200C7DE19 /* Build configuration list for PBXNativeTarget "BurstLaugh" */;
			buildPhases = (
				86ECAC5E36293D2BB90B4858 /* Check Pods Manifest.lock */,
				7AA6F7B41C88287100C7DE19 /* Sources */,
				7AA6F7B51C88287100C7DE19 /* Frameworks */,
				7AA6F7B61C88287100C7DE19 /* Resources */,
				49ECAA954F6DF9454856941F /* Embed Pods Frameworks */,
				620EEDB050CEEA35DBEB1551 /* Copy Pods Resources */,
			);
			buildRules = (
			);
			dependencies = (
			);
			name = BurstLaugh;
			productName = BurstLaugh;
			productReference = 7AA6F7B81C88287200C7DE19 /* BurstLaugh.app */;
			productType = "com.apple.product-type.application";
		};
		7AA6F7CA1C88287200C7DE19 /* BurstLaughTests */ = {
			isa = PBXNativeTarget;
			buildConfigurationList = 7AA6F7E21C88287200C7DE19 /* Build configuration list for PBXNativeTarget "BurstLaughTests" */;
			buildPhases = (
				7AA6F7C71C88287200C7DE19 /* Sources */,
				7AA6F7C81C88287200C7DE19 /* Frameworks */,
				7AA6F7C91C88287200C7DE19 /* Resources */,
			);
			buildRules = (
			);
			dependencies = (
				7AA6F7CD1C88287200C7DE19 /* PBXTargetDependency */,
			);
			name = BurstLaughTests;
			productName = BurstLaughTests;
			productReference = 7AA6F7CB1C88287200C7DE19 /* BurstLaughTests.xctest */;
			productType = "com.apple.product-type.bundle.unit-test";
		};
		7AA6F7D51C88287200C7DE19 /* BurstLaughUITests */ = {
			isa = PBXNativeTarget;
			buildConfigurationList = 7AA6F7E51C88287200C7DE19 /* Build configuration list for PBXNativeTarget "BurstLaughUITests" */;
			buildPhases = (
				7AA6F7D21C88287200C7DE19 /* Sources */,
				7AA6F7D31C88287200C7DE19 /* Frameworks */,
				7AA6F7D41C88287200C7DE19 /* Resources */,
			);
			buildRules = (
			);
			dependencies = (
				7AA6F7D81C88287200C7DE19 /* PBXTargetDependency */,
			);
			name = BurstLaughUITests;
			productName = BurstLaughUITests;
			productReference = 7AA6F7D61C88287200C7DE19 /* BurstLaughUITests.xctest */;
			productType = "com.apple.product-type.bundle.ui-testing";
		};
/* End PBXNativeTarget section */

/* Begin PBXProject section */
		7AA6F7B01C88287100C7DE19 /* Project object */ = {
			isa = PBXProject;
			attributes = {
				LastUpgradeCheck = 0720;
				ORGANIZATIONNAME = "王雪娟";
				TargetAttributes = {
					7AA6F7B71C88287100C7DE19 = {
						CreatedOnToolsVersion = 7.2.1;
						DevelopmentTeam = CCQ5LLLX4L;
					};
					7AA6F7CA1C88287200C7DE19 = {
						CreatedOnToolsVersion = 7.2.1;
						DevelopmentTeam = 2R47XK2D44;
						TestTargetID = 7AA6F7B71C88287100C7DE19;
					};
					7AA6F7D51C88287200C7DE19 = {
						CreatedOnToolsVersion = 7.2.1;
						DevelopmentTeam = 2R47XK2D44;
						TestTargetID = 7AA6F7B71C88287100C7DE19;
					};
				};
			};
			buildConfigurationList = 7AA6F7B31C88287100C7DE19 /* Build configuration list for PBXProject "BurstLaugh" */;
			compatibilityVersion = "Xcode 3.2";
			developmentRegion = English;
			hasScannedForEncodings = 0;
			knownRegions = (
				en,
				Base,
			);
			mainGroup = 7AA6F7AF1C88287100C7DE19;
			productRefGroup = 7AA6F7B91C88287200C7DE19 /* Products */;
			projectDirPath = "";
			projectRoot = "";
			targets = (
				7AA6F7B71C88287100C7DE19 /* BurstLaugh */,
				7AA6F7CA1C88287200C7DE19 /* BurstLaughTests */,
				7AA6F7D51C88287200C7DE19 /* BurstLaughUITests */,
			);
		};
/* End PBXProject section */

/* Begin PBXResourcesBuildPhase section */
		7AA6F7B61C88287100C7DE19 /* Resources */ = {
			isa = PBXResourcesBuildPhase;
			buildActionMask = 2147483647;
			files = (
				7AC80ABC1C8E80410010C18E /* Login.storyboard in Resources */,
				7AA6F7C21C88287200C7DE19 /* Assets.xcassets in Resources */,
				7A2A7ABB1CA7C133005253B0 /* 123456dszdfz.plist in Resources */,
				7A6723A51C8D36170041E638 /* QiushiDeatil.plist in Resources */,
				7A6723B21C8DB64A0041E638 /* ProgressHUD.bundle in Resources */,
				7A75DC1A1C891C8E00BFBA10 /* KverHot.plist in Resources */,
				7A821DDC1C8FC018003D1EF1 /* WeiboSDK.bundle in Resources */,
				7A75DC0F1C890C4400BFBA10 /* SCNavTabBar.bundle in Resources */,
				7A65D14B1C8A85630016B8A3 /* blueArrowDown.png in Resources */,
				7AA6F81C1C88317000C7DE19 /* Laught.storyboard in Resources */,
				7AA6F81E1C88319500C7DE19 /* Mine.storyboard in Resources */,
				7AA6F7C51C88287200C7DE19 /* LaunchScreen.storyboard in Resources */,
				7A65D14A1C8A85630016B8A3 /* blueArrow.png in Resources */,
				7AA22FD51C8BF01E005D2646 /* qiushi.plist in Resources */,
				7AA6F81A1C8830BA00C7DE19 /* jokes.storyboard in Resources */,
				7A2A7AB11CA7914F005253B0 /* vid.plist in Resources */,
				7A821D161C8F9F35003D1EF1 /* Bmob_iOS_SDK更新历史.txt in Resources */,
				7A2BA5841C911DB700D9353C /* read_me.txt in Resources */,
				7A65D1441C8A81D30016B8A3 /* Vedio.plist in Resources */,
				7AA22FE81C8C61B4005D2646 /* joker.plist in Resources */,
				7AC80AC21C8EA02F0010C18E /* LICENCE.txt in Resources */,
			);
			runOnlyForDeploymentPostprocessing = 0;
		};
		7AA6F7C91C88287200C7DE19 /* Resources */ = {
			isa = PBXResourcesBuildPhase;
			buildActionMask = 2147483647;
			files = (
			);
			runOnlyForDeploymentPostprocessing = 0;
		};
		7AA6F7D41C88287200C7DE19 /* Resources */ = {
			isa = PBXResourcesBuildPhase;
			buildActionMask = 2147483647;
			files = (
			);
			runOnlyForDeploymentPostprocessing = 0;
		};
/* End PBXResourcesBuildPhase section */

/* Begin PBXShellScriptBuildPhase section */
		49ECAA954F6DF9454856941F /* Embed Pods Frameworks */ = {
			isa = PBXShellScriptBuildPhase;
			buildActionMask = 2147483647;
			files = (
			);
			inputPaths = (
			);
			name = "Embed Pods Frameworks";
			outputPaths = (
			);
			runOnlyForDeploymentPostprocessing = 0;
			shellPath = /bin/sh;
			shellScript = "\"${SRCROOT}/Pods/Target Support Files/Pods/Pods-frameworks.sh\"\n";
			showEnvVarsInLog = 0;
		};
		620EEDB050CEEA35DBEB1551 /* Copy Pods Resources */ = {
			isa = PBXShellScriptBuildPhase;
			buildActionMask = 2147483647;
			files = (
			);
			inputPaths = (
			);
			name = "Copy Pods Resources";
			outputPaths = (
			);
			runOnlyForDeploymentPostprocessing = 0;
			shellPath = /bin/sh;
			shellScript = "\"${SRCROOT}/Pods/Target Support Files/Pods/Pods-resources.sh\"\n";
			showEnvVarsInLog = 0;
		};
		86ECAC5E36293D2BB90B4858 /* Check Pods Manifest.lock */ = {
			isa = PBXShellScriptBuildPhase;
			buildActionMask = 2147483647;
			files = (
			);
			inputPaths = (
			);
			name = "Check Pods Manifest.lock";
			outputPaths = (
			);
			runOnlyForDeploymentPostprocessing = 0;
			shellPath = /bin/sh;
			shellScript = "diff \"${PODS_ROOT}/../Podfile.lock\" \"${PODS_ROOT}/Manifest.lock\" > /dev/null\nif [[ $? != 0 ]] ; then\n    cat << EOM\nerror: The sandbox is not in sync with the Podfile.lock. Run 'pod install' or update your CocoaPods installation.\nEOM\n    exit 1\nfi\n";
			showEnvVarsInLog = 0;
		};
/* End PBXShellScriptBuildPhase section */

/* Begin PBXSourcesBuildPhase section */
		7AA6F7B41C88287100C7DE19 /* Sources */ = {
			isa = PBXSourcesBuildPhase;
			buildActionMask = 2147483647;
			files = (
				7A75DC101C890C4400BFBA10 /* SCNavTabBarController.m in Sources */,
				7A75DC111C890C4400BFBA10 /* SCNavTabBar.m in Sources */,
				7AA6F8361C88705600C7DE19 /* VerHotViewController.m in Sources */,
				7A65D1641C8AC9920016B8A3 /* HWTools.m in Sources */,
				7AC80AC41C8EA02F0010C18E /* README.md in Sources */,
				7AC80AC31C8EA02F0010C18E /* Reachability.m in Sources */,
				7A6723A31C8D1DC60041E638 /* QiuShiDetailViewController.m in Sources */,
				7AA6F8331C885CAA00C7DE19 /* VideoViewController.m in Sources */,
				7AA22FEB1C8C635A005D2646 /* jokerModel.m in Sources */,
				7AA6F8181C882BFE00C7DE19 /* LaughtFairViewController.m in Sources */,
				7A821DEC1C9015F5003D1EF1 /* DataBaseManger.m in Sources */,
				7AA22FDB1C8BF3BF005D2646 /* QiuShiTableViewCell.m in Sources */,
				7A6723AB1C8D50670041E638 /* QiuShiDetailTableViewCell.m in Sources */,
				7AC80AD01C8ECCFF0010C18E /* CollectionViewController.m in Sources */,
				7AC80AC61C8EA2570010C18E /* ZMYNetManager.m in Sources */,
				7A75DC201C892AEA00BFBA10 /* verHotModel.m in Sources */,
				7AA22FD81C8BF34C005D2646 /* qiushiModel.m in Sources */,
				7AC80ABA1C8E709F0010C18E /* RegisterViewController.m in Sources */,
				7AC80ACD1C8EBF700010C18E /* FindPaswordViewController.m in Sources */,
				7A65D1601C8A8F870016B8A3 /* VideoTableViewCell.m in Sources */,
				7AC80AB71C8E708C0010C18E /* LoginViewController.m in Sources */,
				7A75DC1D1C89200300BFBA10 /* VertHotTableViewCell.m in Sources */,
				7A6723B31C8DB64B0041E638 /* ProgressHUD.m in Sources */,
				7A65D1571C8A87A80016B8A3 /* videoModel.m in Sources */,
				7AA6F7C01C88287200C7DE19 /* AppDelegate.m in Sources */,
				7A821DEF1C906107003D1EF1 /* UIViewController+Common.m in Sources */,
				7A65D14C1C8A85630016B8A3 /* PullingRefreshTableView.m in Sources */,
				7AA6F8301C885C9800C7DE19 /* QiushiViewController.m in Sources */,
				7A75DC151C8916D000BFBA10 /* jokerHumorViewController.m in Sources */,
				7A6723A81C8D504D0041E638 /* QiuShiDetailModell.m in Sources */,
				7A7A920D1C89749200F9F0E9 /* verHotDetailTableViewController.m in Sources */,
				7AA6F7BD1C88287200C7DE19 /* main.m in Sources */,
				7A75DC121C890C4400BFBA10 /* SCPopView.m in Sources */,
				7A821DE61C8FC655003D1EF1 /* ShareView.m in Sources */,
				7AA6F8121C8829F700C7DE19 /* MineViewController.m in Sources */,
				7A65D13C1C8A770D0016B8A3 /* GifView.m in Sources */,
			);
			runOnlyForDeploymentPostprocessing = 0;
		};
		7AA6F7C71C88287200C7DE19 /* Sources */ = {
			isa = PBXSourcesBuildPhase;
			buildActionMask = 2147483647;
			files = (
				7AA6F7D01C88287200C7DE19 /* BurstLaughTests.m in Sources */,
			);
			runOnlyForDeploymentPostprocessing = 0;
		};
		7AA6F7D21C88287200C7DE19 /* Sources */ = {
			isa = PBXSourcesBuildPhase;
			buildActionMask = 2147483647;
			files = (
				7AA6F7DB1C88287200C7DE19 /* BurstLaughUITests.m in Sources */,
			);
			runOnlyForDeploymentPostprocessing = 0;
		};
/* End PBXSourcesBuildPhase section */

/* Begin PBXTargetDependency section */
		7AA6F7CD1C88287200C7DE19 /* PBXTargetDependency */ = {
			isa = PBXTargetDependency;
			target = 7AA6F7B71C88287100C7DE19 /* BurstLaugh */;
			targetProxy = 7AA6F7CC1C88287200C7DE19 /* PBXContainerItemProxy */;
		};
		7AA6F7D81C88287200C7DE19 /* PBXTargetDependency */ = {
			isa = PBXTargetDependency;
			target = 7AA6F7B71C88287100C7DE19 /* BurstLaugh */;
			targetProxy = 7AA6F7D71C88287200C7DE19 /* PBXContainerItemProxy */;
		};
/* End PBXTargetDependency section */

/* Begin PBXVariantGroup section */
		7AA6F7C31C88287200C7DE19 /* LaunchScreen.storyboard */ = {
			isa = PBXVariantGroup;
			children = (
				7AA6F7C41C88287200C7DE19 /* Base */,
			);
			name = LaunchScreen.storyboard;
			sourceTree = "<group>";
		};
/* End PBXVariantGroup section */

/* Begin XCBuildConfiguration section */
		7AA6F7DD1C88287200C7DE19 /* Debug */ = {
			isa = XCBuildConfiguration;
			buildSettings = {
				ALWAYS_SEARCH_USER_PATHS = NO;
				CLANG_CXX_LANGUAGE_STANDARD = "gnu++0x";
				CLANG_CXX_LIBRARY = "libc++";
				CLANG_ENABLE_MODULES = YES;
				CLANG_ENABLE_OBJC_ARC = YES;
				CLANG_WARN_BOOL_CONVERSION = YES;
				CLANG_WARN_CONSTANT_CONVERSION = YES;
				CLANG_WARN_DIRECT_OBJC_ISA_USAGE = YES_ERROR;
				CLANG_WARN_EMPTY_BODY = YES;
				CLANG_WARN_ENUM_CONVERSION = YES;
				CLANG_WARN_INT_CONVERSION = YES;
				CLANG_WARN_OBJC_ROOT_CLASS = YES_ERROR;
				CLANG_WARN_UNREACHABLE_CODE = YES;
				CLANG_WARN__DUPLICATE_METHOD_MATCH = YES;
				CODE_SIGN_IDENTITY = "iPhone Distribution: Beijing Lamco Sinyo education technology co., LTD (CCQ5LLLX4L)";
				"CODE_SIGN_IDENTITY[sdk=iphoneos*]" = "iPhone Distribution: Beijing Lamco Sinyo education technology co., LTD (CCQ5LLLX4L)";
				COPY_PHASE_STRIP = NO;
				DEBUG_INFORMATION_FORMAT = dwarf;
				ENABLE_STRICT_OBJC_MSGSEND = YES;
				ENABLE_TESTABILITY = YES;
				GCC_C_LANGUAGE_STANDARD = gnu99;
				GCC_DYNAMIC_NO_PIC = NO;
				GCC_NO_COMMON_BLOCKS = YES;
				GCC_OPTIMIZATION_LEVEL = 0;
				GCC_PRECOMPILE_PREFIX_HEADER = NO;
				GCC_PREPROCESSOR_DEFINITIONS = (
					"DEBUG=1",
					"$(inherited)",
				);
				GCC_WARN_64_TO_32_BIT_CONVERSION = YES;
				GCC_WARN_ABOUT_RETURN_TYPE = YES_ERROR;
				GCC_WARN_UNDECLARED_SELECTOR = YES;
				GCC_WARN_UNINITIALIZED_AUTOS = YES_AGGRESSIVE;
				GCC_WARN_UNUSED_FUNCTION = YES;
				GCC_WARN_UNUSED_VARIABLE = YES;
				IPHONEOS_DEPLOYMENT_TARGET = 9.2;
				MTL_ENABLE_DEBUG_INFO = YES;
				ONLY_ACTIVE_ARCH = YES;
				OTHER_LDFLAGS = "";
				PROVISIONING_PROFILE = "5175ab45-b409-4d55-86d4-f381467f030d";
				SDKROOT = iphoneos;
			};
			name = Debug;
		};
		7AA6F7DE1C88287200C7DE19 /* Release */ = {
			isa = XCBuildConfiguration;
			buildSettings = {
				ALWAYS_SEARCH_USER_PATHS = NO;
				CLANG_CXX_LANGUAGE_STANDARD = "gnu++0x";
				CLANG_CXX_LIBRARY = "libc++";
				CLANG_ENABLE_MODULES = YES;
				CLANG_ENABLE_OBJC_ARC = YES;
				CLANG_WARN_BOOL_CONVERSION = YES;
				CLANG_WARN_CONSTANT_CONVERSION = YES;
				CLANG_WARN_DIRECT_OBJC_ISA_USAGE = YES_ERROR;
				CLANG_WARN_EMPTY_BODY = YES;
				CLANG_WARN_ENUM_CONVERSION = YES;
				CLANG_WARN_INT_CONVERSION = YES;
				CLANG_WARN_OBJC_ROOT_CLASS = YES_ERROR;
				CLANG_WARN_UNREACHABLE_CODE = YES;
				CLANG_WARN__DUPLICATE_METHOD_MATCH = YES;
				CODE_SIGN_IDENTITY = "iPhone Distribution: Beijing Lamco Sinyo education technology co., LTD (CCQ5LLLX4L)";
				"CODE_SIGN_IDENTITY[sdk=iphoneos*]" = "iPhone Distribution: Beijing Lamco Sinyo education technology co., LTD (CCQ5LLLX4L)";
				COPY_PHASE_STRIP = NO;
				DEBUG_INFORMATION_FORMAT = "dwarf-with-dsym";
				ENABLE_NS_ASSERTIONS = NO;
				ENABLE_STRICT_OBJC_MSGSEND = YES;
				GCC_C_LANGUAGE_STANDARD = gnu99;
				GCC_NO_COMMON_BLOCKS = YES;
				GCC_PRECOMPILE_PREFIX_HEADER = NO;
				GCC_WARN_64_TO_32_BIT_CONVERSION = YES;
				GCC_WARN_ABOUT_RETURN_TYPE = YES_ERROR;
				GCC_WARN_UNDECLARED_SELECTOR = YES;
				GCC_WARN_UNINITIALIZED_AUTOS = YES_AGGRESSIVE;
				GCC_WARN_UNUSED_FUNCTION = YES;
				GCC_WARN_UNUSED_VARIABLE = YES;
				IPHONEOS_DEPLOYMENT_TARGET = 9.2;
				MTL_ENABLE_DEBUG_INFO = NO;
				OTHER_LDFLAGS = "";
				PROVISIONING_PROFILE = "5175ab45-b409-4d55-86d4-f381467f030d";
				SDKROOT = iphoneos;
				VALIDATE_PRODUCT = YES;
			};
			name = Release;
		};
		7AA6F7E01C88287200C7DE19 /* Debug */ = {
			isa = XCBuildConfiguration;
			baseConfigurationReference = 41767937985FA64A38DBD8DB /* Pods.debug.xcconfig */;
			buildSettings = {
				ASSETCATALOG_COMPILER_APPICON_NAME = AppIcon;
				ASSETCATALOG_COMPILER_LAUNCHIMAGE_NAME = "LaunchImage-1";
				CODE_SIGN_IDENTITY = "iPhone Developer";
				"CODE_SIGN_IDENTITY[sdk=iphoneos*]" = "iPhone Developer";
				FRAMEWORK_SEARCH_PATHS = (
					"$(inherited)",
					"$(PROJECT_DIR)/BurstLaugh/Resource/Bmob_SDK_iOS_v1.6.6",
					2,
				);
				GCC_PREFIX_HEADER = "/Users/scjy/Desktop/阶段项目/B段项目-爆笑百科/BurstLaught/BurstLaugh/BurstLaugh/Library/PrefixHeader.pch";
				INFOPLIST_FILE = BurstLaugh/Info.plist;
				IPHONEOS_DEPLOYMENT_TARGET = 8.2;
				LD_RUNPATH_SEARCH_PATHS = "$(inherited) @executable_path/Frameworks";
				LIBRARY_SEARCH_PATHS = (
					"$(inherited)",
					"$(PROJECT_DIR)/BurstLaugh/Resource/WeiXinSDK",
					"$(PROJECT_DIR)/BurstLaugh/Resource/libWeiboSDK",
					"$(PROJECT_DIR)/BurstLaugh/Resource/SDK1.6.2",
					"$(PROJECT_DIR)BurstLaugh/Resource/SDK1.6.2/WechatAuthSDK.h",
					"$(PROJECT_DIR)BurstLaugh/Resource/SDK1.6.2/WXApi.h",
					"$(PROJECT_DIR)BurstLaugh/Resource/SDK1.6.2/WXApiObject.h",
				);
				PRECOMPS_INCLUDE_HEADERS_FROM_BUILT_PRODUCTS_DIR = YES;
				PRODUCT_BUNDLE_IDENTIFIER = "com.-125.BurstLaugh";
				PRODUCT_NAME = "$(TARGET_NAME)";
				PROVISIONING_PROFILE = "";
			};
			name = Debug;
		};
		7AA6F7E11C88287200C7DE19 /* Release */ = {
			isa = XCBuildConfiguration;
			baseConfigurationReference = 61B814C4AA5A0B28517C27FA /* Pods.release.xcconfig */;
			buildSettings = {
				ASSETCATALOG_COMPILER_APPICON_NAME = AppIcon;
				ASSETCATALOG_COMPILER_LAUNCHIMAGE_NAME = "LaunchImage-1";
				CODE_SIGN_IDENTITY = "iPhone Developer";
				"CODE_SIGN_IDENTITY[sdk=iphoneos*]" = "iPhone Developer";
				FRAMEWORK_SEARCH_PATHS = (
					"$(inherited)",
					"$(PROJECT_DIR)/BurstLaugh/Resource/Bmob_SDK_iOS_v1.6.6",
					2,
				);
				GCC_PREFIX_HEADER = "/Users/scjy/Desktop/阶段项目/B段项目-爆笑百科/BurstLaught/BurstLaugh/BurstLaugh/Library/PrefixHeader.pch";
				INFOPLIST_FILE = BurstLaugh/Info.plist;
				IPHONEOS_DEPLOYMENT_TARGET = 8.2;
				LD_RUNPATH_SEARCH_PATHS = "$(inherited) @executable_path/Frameworks";
				LIBRARY_SEARCH_PATHS = (
					"$(inherited)",
					"$(PROJECT_DIR)/BurstLaugh/Resource/WeiXinSDK",
					"$(PROJECT_DIR)/BurstLaugh/Resource/libWeiboSDK",
					"$(PROJECT_DIR)/BurstLaugh/Resource/SDK1.6.2",
					"$(PROJECT_DIR)BurstLaugh/Resource/SDK1.6.2/WechatAuthSDK.h",
					"$(PROJECT_DIR)BurstLaugh/Resource/SDK1.6.2/WXApi.h",
					"$(PROJECT_DIR)BurstLaugh/Resource/SDK1.6.2/WXApiObject.h",
				);
				PRECOMPS_INCLUDE_HEADERS_FROM_BUILT_PRODUCTS_DIR = YES;
				PRODUCT_BUNDLE_IDENTIFIER = "com.-125.BurstLaugh";
				PRODUCT_NAME = "$(TARGET_NAME)";
				PROVISIONING_PROFILE = "";
			};
			name = Release;
		};
		7AA6F7E31C88287200C7DE19 /* Debug */ = {
			isa = XCBuildConfiguration;
			buildSettings = {
				BUNDLE_LOADER = "$(TEST_HOST)";
				INFOPLIST_FILE = BurstLaughTests/Info.plist;
				LD_RUNPATH_SEARCH_PATHS = "$(inherited) @executable_path/Frameworks @loader_path/Frameworks";
				PRODUCT_BUNDLE_IDENTIFIER = "-125.BurstLaughTests";
				PRODUCT_NAME = "$(TARGET_NAME)";
				TEST_HOST = "$(BUILT_PRODUCTS_DIR)/BurstLaugh.app/BurstLaugh";
			};
			name = Debug;
		};
		7AA6F7E41C88287200C7DE19 /* Release */ = {
			isa = XCBuildConfiguration;
			buildSettings = {
				BUNDLE_LOADER = "$(TEST_HOST)";
				INFOPLIST_FILE = BurstLaughTests/Info.plist;
				LD_RUNPATH_SEARCH_PATHS = "$(inherited) @executable_path/Frameworks @loader_path/Frameworks";
				PRODUCT_BUNDLE_IDENTIFIER = "-125.BurstLaughTests";
				PRODUCT_NAME = "$(TARGET_NAME)";
				TEST_HOST = "$(BUILT_PRODUCTS_DIR)/BurstLaugh.app/BurstLaugh";
			};
			name = Release;
		};
		7AA6F7E61C88287200C7DE19 /* Debug */ = {
			isa = XCBuildConfiguration;
			buildSettings = {
				INFOPLIST_FILE = BurstLaughUITests/Info.plist;
				LD_RUNPATH_SEARCH_PATHS = "$(inherited) @executable_path/Frameworks @loader_path/Frameworks";
				PRODUCT_BUNDLE_IDENTIFIER = "-125.BurstLaughUITests";
				PRODUCT_NAME = "$(TARGET_NAME)";
				TEST_TARGET_NAME = BurstLaugh;
				USES_XCTRUNNER = YES;
			};
			name = Debug;
		};
		7AA6F7E71C88287200C7DE19 /* Release */ = {
			isa = XCBuildConfiguration;
			buildSettings = {
				INFOPLIST_FILE = BurstLaughUITests/Info.plist;
				LD_RUNPATH_SEARCH_PATHS = "$(inherited) @executable_path/Frameworks @loader_path/Frameworks";
				PRODUCT_BUNDLE_IDENTIFIER = "-125.BurstLaughUITests";
				PRODUCT_NAME = "$(TARGET_NAME)";
				TEST_TARGET_NAME = BurstLaugh;
				USES_XCTRUNNER = YES;
			};
			name = Release;
		};
/* End XCBuildConfiguration section */

/* Begin XCConfigurationList section */
		7AA6F7B31C88287100C7DE19 /* Build configuration list for PBXProject "BurstLaugh" */ = {
			isa = XCConfigurationList;
			buildConfigurations = (
				7AA6F7DD1C88287200C7DE19 /* Debug */,
				7AA6F7DE1C88287200C7DE19 /* Release */,
			);
			defaultConfigurationIsVisible = 0;
			defaultConfigurationName = Release;
		};
		7AA6F7DF1C88287200C7DE19 /* Build configuration list for PBXNativeTarget "BurstLaugh" */ = {
			isa = XCConfigurationList;
			buildConfigurations = (
				7AA6F7E01C88287200C7DE19 /* Debug */,
				7AA6F7E11C88287200C7DE19 /* Release */,
			);
			defaultConfigurationIsVisible = 0;
			defaultConfigurationName = Release;
		};
		7AA6F7E21C88287200C7DE19 /* Build configuration list for PBXNativeTarget "BurstLaughTests" */ = {
			isa = XCConfigurationList;
			buildConfigurations = (
				7AA6F7E31C88287200C7DE19 /* Debug */,
				7AA6F7E41C88287200C7DE19 /* Release */,
			);
			defaultConfigurationIsVisible = 0;
			defaultConfigurationName = Release;
		};
		7AA6F7E51C88287200C7DE19 /* Build configuration list for PBXNativeTarget "BurstLaughUITests" */ = {
			isa = XCConfigurationList;
			buildConfigurations = (
				7AA6F7E61C88287200C7DE19 /* Debug */,
				7AA6F7E71C88287200C7DE19 /* Release */,
			);
			defaultConfigurationIsVisible = 0;
			defaultConfigurationName = Release;
		};
/* End XCConfigurationList section */
	};
	rootObject = 7AA6F7B01C88287100C7DE19 /* Project object */;
}
